// !$*UTF8*$!
{
	archiveVersion = 1;
	classes = {
	};
	objectVersion = 50;
	objects = {

/* Begin PBXBuildFile section */
		13C48EBF491B21954B955FD5 /* libPods-HappyCodableDemo.a in Frameworks */ = {isa = PBXBuildFile; fileRef = 3C7D07FF3EDFDBD3B21EFC77 /* libPods-HappyCodableDemo.a */; };
		504C9E5ED00E897E8C6475C1 /* Pods_CommandLineTests.framework in Frameworks */ = {isa = PBXBuildFile; fileRef = 58492BD25523D17804E2559C /* Pods_CommandLineTests.framework */; };
		CA5EA8876E3062EFE7AEF6F9 /* libPods-HappyCodableCommandLine.a in Frameworks */ = {isa = PBXBuildFile; fileRef = 1B5D9DD7637DEB3514EF730E /* libPods-HappyCodableCommandLine.a */; };
		CF4736B7D470CC691CFA39F4 /* libPods-CommonTests.a in Frameworks */ = {isa = PBXBuildFile; fileRef = ABFBBD9D9A06B7A7D42FD60B /* libPods-CommonTests.a */; };
		FF071AA524D50E4600A746FC /* TypeMismatchTests.swift in Sources */ = {isa = PBXBuildFile; fileRef = FF071AA424D50E4600A746FC /* TypeMismatchTests.swift */; };
		FF071AA924D53EB900A746FC /* ForSingleValueDecodingContainer.swift in Sources */ = {isa = PBXBuildFile; fileRef = FF071AA824D53EB900A746FC /* ForSingleValueDecodingContainer.swift */; };
		FF0C571C24D3B3A1001CAC0F /* CommandLineTests.swift in Sources */ = {isa = PBXBuildFile; fileRef = FF0C571B24D3B3A1001CAC0F /* CommandLineTests.swift */; };
		FF0C572A24D3B3BA001CAC0F /* CommonTests.swift in Sources */ = {isa = PBXBuildFile; fileRef = FF0C572924D3B3BA001CAC0F /* CommonTests.swift */; };
		FF0C573A24D3B5F3001CAC0F /* enum.swift in Sources */ = {isa = PBXBuildFile; fileRef = FF0C573824D3B4DD001CAC0F /* enum.swift */; };
		FF0C573B24D3B5F3001CAC0F /* Class.swift in Sources */ = {isa = PBXBuildFile; fileRef = FF0C573424D3B4CD001CAC0F /* Class.swift */; };
		FF0C573C24D3B5F3001CAC0F /* struct.swift in Sources */ = {isa = PBXBuildFile; fileRef = FF0C573624D3B4D4001CAC0F /* struct.swift */; };
		FF1EC1EB24D59F9700E78447 /* CodingKeysExist.swift in Sources */ = {isa = PBXBuildFile; fileRef = FF1EC1EA24D59F9700E78447 /* CodingKeysExist.swift */; };
		FF1EC1ED24D5AE4100E78447 /* CodingKeysExistTests.swift in Sources */ = {isa = PBXBuildFile; fileRef = FF1EC1EC24D5AE4100E78447 /* CodingKeysExistTests.swift */; };
		FF7F4DC22507499500435B0F /* HappyCodable.generated.swift in Sources */ = {isa = PBXBuildFile; fileRef = FF7F4DC12507499500435B0F /* HappyCodable.generated.swift */; };
		FF8916A9247A5F1A0080665E /* AppDelegate.swift in Sources */ = {isa = PBXBuildFile; fileRef = FF8916A8247A5F1A0080665E /* AppDelegate.swift */; };
		FF8916AB247A5F1A0080665E /* ViewController.swift in Sources */ = {isa = PBXBuildFile; fileRef = FF8916AA247A5F1A0080665E /* ViewController.swift */; };
		FF8916AD247A5F1B0080665E /* Assets.xcassets in Resources */ = {isa = PBXBuildFile; fileRef = FF8916AC247A5F1B0080665E /* Assets.xcassets */; };
		FF8916B0247A5F1B0080665E /* Main.storyboard in Resources */ = {isa = PBXBuildFile; fileRef = FF8916AE247A5F1B0080665E /* Main.storyboard */; };
		FFA32FEA24A635BF009DBE2A /* Test.swift in Sources */ = {isa = PBXBuildFile; fileRef = FFA32FE624A63541009DBE2A /* Test.swift */; };
		FFBB4A4B249B14F90055CA66 /* main.swift in Sources */ = {isa = PBXBuildFile; fileRef = FFBB4A4A249B14F90055CA66 /* main.swift */; };
		FFC6298B24D4602B00252AEE /* AttributesTest.swift in Sources */ = {isa = PBXBuildFile; fileRef = FFC6298A24D4602B00252AEE /* AttributesTest.swift */; };
		FFC6298D24D467A200252AEE /* WithAttribute.swift in Sources */ = {isa = PBXBuildFile; fileRef = FFC6298C24D467A200252AEE /* WithAttribute.swift */; };
		FFC6298F24D4741400252AEE /* KeyedDecodingContainerTests.swift in Sources */ = {isa = PBXBuildFile; fileRef = FFC6298E24D4741400252AEE /* KeyedDecodingContainerTests.swift */; };
		FFC6299324D4742F00252AEE /* ForKeyedDecodingContainer.swift in Sources */ = {isa = PBXBuildFile; fileRef = FFC6299224D4742F00252AEE /* ForKeyedDecodingContainer.swift */; };
/* End PBXBuildFile section */

/* Begin PBXContainerItemProxy section */
		FF0C571E24D3B3A1001CAC0F /* PBXContainerItemProxy */ = {
			isa = PBXContainerItemProxy;
			containerPortal = FF891678247A5AFC0080665E /* Project object */;
			proxyType = 1;
			remoteGlobalIDString = FF8916A5247A5F1A0080665E;
			remoteInfo = HappyCodableDemo;
		};
		FF0C572C24D3B3BA001CAC0F /* PBXContainerItemProxy */ = {
			isa = PBXContainerItemProxy;
			containerPortal = FF891678247A5AFC0080665E /* Project object */;
			proxyType = 1;
			remoteGlobalIDString = FF8916A5247A5F1A0080665E;
			remoteInfo = HappyCodableDemo;
		};
		FF99A5EB2500D5050009F782 /* PBXContainerItemProxy */ = {
			isa = PBXContainerItemProxy;
			containerPortal = FF891678247A5AFC0080665E /* Project object */;
			proxyType = 1;
			remoteGlobalIDString = FFBB4A2D249B13FF0055CA66;
			remoteInfo = HappyCodableCommandLine;
		};
/* End PBXContainerItemProxy section */

/* Begin PBXCopyFilesBuildPhase section */
		FFBB4A2C249B13FF0055CA66 /* CopyFiles */ = {
			isa = PBXCopyFilesBuildPhase;
			buildActionMask = 2147483647;
			dstPath = /usr/share/man/man1/;
			dstSubfolderSpec = 0;
			files = (
			);
			runOnlyForDeploymentPostprocessing = 1;
		};
/* End PBXCopyFilesBuildPhase section */

/* Begin PBXFileReference section */
		035E09BA3645FBE57F2697ED /* Pods-CommandLineTests.release.xcconfig */ = {isa = PBXFileReference; includeInIndex = 1; lastKnownFileType = text.xcconfig; name = "Pods-CommandLineTests.release.xcconfig"; path = "Target Support Files/Pods-CommandLineTests/Pods-CommandLineTests.release.xcconfig"; sourceTree = "<group>"; };
		13F3D776CCD091D3C2A40CCB /* Pods-HappyCodableDemo.debug.xcconfig */ = {isa = PBXFileReference; includeInIndex = 1; lastKnownFileType = text.xcconfig; name = "Pods-HappyCodableDemo.debug.xcconfig"; path = "Target Support Files/Pods-HappyCodableDemo/Pods-HappyCodableDemo.debug.xcconfig"; sourceTree = "<group>"; };
		1B5D9DD7637DEB3514EF730E /* libPods-HappyCodableCommandLine.a */ = {isa = PBXFileReference; explicitFileType = archive.ar; includeInIndex = 0; path = "libPods-HappyCodableCommandLine.a"; sourceTree = BUILT_PRODUCTS_DIR; };
		246C265DBADA789C01FC8986 /* Pods-HappyCodableTests.debug.xcconfig */ = {isa = PBXFileReference; includeInIndex = 1; lastKnownFileType = text.xcconfig; name = "Pods-HappyCodableTests.debug.xcconfig"; path = "Target Support Files/Pods-HappyCodableTests/Pods-HappyCodableTests.debug.xcconfig"; sourceTree = "<group>"; };
		2ADC64C83B367C31BA94F8B5 /* Pods-HappyCodableDemo.release.xcconfig */ = {isa = PBXFileReference; includeInIndex = 1; lastKnownFileType = text.xcconfig; name = "Pods-HappyCodableDemo.release.xcconfig"; path = "Target Support Files/Pods-HappyCodableDemo/Pods-HappyCodableDemo.release.xcconfig"; sourceTree = "<group>"; };
		2FCBCE44B725E6E673731E69 /* Pods-HappyCodable.debug.xcconfig */ = {isa = PBXFileReference; includeInIndex = 1; lastKnownFileType = text.xcconfig; name = "Pods-HappyCodable.debug.xcconfig"; path = "Target Support Files/Pods-HappyCodable/Pods-HappyCodable.debug.xcconfig"; sourceTree = "<group>"; };
		3C7D07FF3EDFDBD3B21EFC77 /* libPods-HappyCodableDemo.a */ = {isa = PBXFileReference; explicitFileType = archive.ar; includeInIndex = 0; path = "libPods-HappyCodableDemo.a"; sourceTree = BUILT_PRODUCTS_DIR; };
		4508BA3BFE4935613B4C79A5 /* Pods-CommonTests.release.xcconfig */ = {isa = PBXFileReference; includeInIndex = 1; lastKnownFileType = text.xcconfig; name = "Pods-CommonTests.release.xcconfig"; path = "Target Support Files/Pods-CommonTests/Pods-CommonTests.release.xcconfig"; sourceTree = "<group>"; };
		450E0DF62299CEA5D8A97212 /* Pods-hAppyCodableDemo.release.xcconfig */ = {isa = PBXFileReference; includeInIndex = 1; lastKnownFileType = text.xcconfig; name = "Pods-hAppyCodableDemo.release.xcconfig"; path = "Target Support Files/Pods-hAppyCodableDemo/Pods-hAppyCodableDemo.release.xcconfig"; sourceTree = "<group>"; };
		4A8EC4AAB379796166304299 /* Pods-HappyCodableTests.release.xcconfig */ = {isa = PBXFileReference; includeInIndex = 1; lastKnownFileType = text.xcconfig; name = "Pods-HappyCodableTests.release.xcconfig"; path = "Target Support Files/Pods-HappyCodableTests/Pods-HappyCodableTests.release.xcconfig"; sourceTree = "<group>"; };
		58492BD25523D17804E2559C /* Pods_CommandLineTests.framework */ = {isa = PBXFileReference; explicitFileType = wrapper.framework; includeInIndex = 0; path = Pods_CommandLineTests.framework; sourceTree = BUILT_PRODUCTS_DIR; };
		5CB2DB2199EC23BED04A178A /* Pods-hAppyCodableDemo.debug.xcconfig */ = {isa = PBXFileReference; includeInIndex = 1; lastKnownFileType = text.xcconfig; name = "Pods-hAppyCodableDemo.debug.xcconfig"; path = "Target Support Files/Pods-hAppyCodableDemo/Pods-hAppyCodableDemo.debug.xcconfig"; sourceTree = "<group>"; };
		6B10C468B7D105BAE1A1F9F1 /* Pods-CommandLineTests.debug.xcconfig */ = {isa = PBXFileReference; includeInIndex = 1; lastKnownFileType = text.xcconfig; name = "Pods-CommandLineTests.debug.xcconfig"; path = "Target Support Files/Pods-CommandLineTests/Pods-CommandLineTests.debug.xcconfig"; sourceTree = "<group>"; };
		6E3E6D938487EABD00D517E4 /* Pods-HappyCodableCommandLine.release.xcconfig */ = {isa = PBXFileReference; includeInIndex = 1; lastKnownFileType = text.xcconfig; name = "Pods-HappyCodableCommandLine.release.xcconfig"; path = "Target Support Files/Pods-HappyCodableCommandLine/Pods-HappyCodableCommandLine.release.xcconfig"; sourceTree = "<group>"; };
		75D1B5E242489F0043B99519 /* Pods_HappyCodableTests.framework */ = {isa = PBXFileReference; explicitFileType = wrapper.framework; includeInIndex = 0; path = Pods_HappyCodableTests.framework; sourceTree = BUILT_PRODUCTS_DIR; };
		96C6A7EEAF11763A7573B758 /* Pods-HappyCodableCommandLine.debug.xcconfig */ = {isa = PBXFileReference; includeInIndex = 1; lastKnownFileType = text.xcconfig; name = "Pods-HappyCodableCommandLine.debug.xcconfig"; path = "Target Support Files/Pods-HappyCodableCommandLine/Pods-HappyCodableCommandLine.debug.xcconfig"; sourceTree = "<group>"; };
		ABFBBD9D9A06B7A7D42FD60B /* libPods-CommonTests.a */ = {isa = PBXFileReference; explicitFileType = archive.ar; includeInIndex = 0; path = "libPods-CommonTests.a"; sourceTree = BUILT_PRODUCTS_DIR; };
		C8D3D034011FDB23D762575E /* Pods-CommonTests.debug.xcconfig */ = {isa = PBXFileReference; includeInIndex = 1; lastKnownFileType = text.xcconfig; name = "Pods-CommonTests.debug.xcconfig"; path = "Target Support Files/Pods-CommonTests/Pods-CommonTests.debug.xcconfig"; sourceTree = "<group>"; };
		F187321C51F5E31B907CA71C /* Pods-HappyCodable.release.xcconfig */ = {isa = PBXFileReference; includeInIndex = 1; lastKnownFileType = text.xcconfig; name = "Pods-HappyCodable.release.xcconfig"; path = "Target Support Files/Pods-HappyCodable/Pods-HappyCodable.release.xcconfig"; sourceTree = "<group>"; };
		FF071AA424D50E4600A746FC /* TypeMismatchTests.swift */ = {isa = PBXFileReference; lastKnownFileType = sourcecode.swift; path = TypeMismatchTests.swift; sourceTree = "<group>"; };
		FF071AA824D53EB900A746FC /* ForSingleValueDecodingContainer.swift */ = {isa = PBXFileReference; lastKnownFileType = sourcecode.swift; path = ForSingleValueDecodingContainer.swift; sourceTree = "<group>"; };
		FF0C571924D3B3A1001CAC0F /* CommandLineTests.xctest */ = {isa = PBXFileReference; explicitFileType = wrapper.cfbundle; includeInIndex = 0; path = CommandLineTests.xctest; sourceTree = BUILT_PRODUCTS_DIR; };
		FF0C571B24D3B3A1001CAC0F /* CommandLineTests.swift */ = {isa = PBXFileReference; lastKnownFileType = sourcecode.swift; path = CommandLineTests.swift; sourceTree = "<group>"; };
		FF0C571D24D3B3A1001CAC0F /* Info.plist */ = {isa = PBXFileReference; lastKnownFileType = text.plist.xml; path = Info.plist; sourceTree = "<group>"; };
		FF0C572724D3B3BA001CAC0F /* CommonTests.xctest */ = {isa = PBXFileReference; explicitFileType = wrapper.cfbundle; includeInIndex = 0; path = CommonTests.xctest; sourceTree = BUILT_PRODUCTS_DIR; };
		FF0C572924D3B3BA001CAC0F /* CommonTests.swift */ = {isa = PBXFileReference; lastKnownFileType = sourcecode.swift; path = CommonTests.swift; sourceTree = "<group>"; };
		FF0C572B24D3B3BA001CAC0F /* Info.plist */ = {isa = PBXFileReference; lastKnownFileType = text.plist.xml; path = Info.plist; sourceTree = "<group>"; };
		FF0C573424D3B4CD001CAC0F /* Class.swift */ = {isa = PBXFileReference; lastKnownFileType = sourcecode.swift; path = Class.swift; sourceTree = "<group>"; };
		FF0C573624D3B4D4001CAC0F /* struct.swift */ = {isa = PBXFileReference; lastKnownFileType = sourcecode.swift; path = struct.swift; sourceTree = "<group>"; };
		FF0C573824D3B4DD001CAC0F /* enum.swift */ = {isa = PBXFileReference; lastKnownFileType = sourcecode.swift; path = enum.swift; sourceTree = "<group>"; };
		FF1EC1EA24D59F9700E78447 /* CodingKeysExist.swift */ = {isa = PBXFileReference; lastKnownFileType = sourcecode.swift; path = CodingKeysExist.swift; sourceTree = "<group>"; };
		FF1EC1EC24D5AE4100E78447 /* CodingKeysExistTests.swift */ = {isa = PBXFileReference; lastKnownFileType = sourcecode.swift; path = CodingKeysExistTests.swift; sourceTree = "<group>"; };
		FF7F4DC12507499500435B0F /* HappyCodable.generated.swift */ = {isa = PBXFileReference; fileEncoding = 4; lastKnownFileType = sourcecode.swift; path = HappyCodable.generated.swift; sourceTree = "<group>"; };
		FF89168D247A5D7D0080665E /* SWXMLHash.framework */ = {isa = PBXFileReference; explicitFileType = wrapper.framework; path = SWXMLHash.framework; sourceTree = BUILT_PRODUCTS_DIR; };
		FF89169D247A5DCF0080665E /* SWXMLHash.framework */ = {isa = PBXFileReference; explicitFileType = wrapper.framework; path = SWXMLHash.framework; sourceTree = BUILT_PRODUCTS_DIR; };
		FF8916A6247A5F1A0080665E /* HappyCodableDemo.app */ = {isa = PBXFileReference; explicitFileType = wrapper.application; includeInIndex = 0; path = HappyCodableDemo.app; sourceTree = BUILT_PRODUCTS_DIR; };
		FF8916A8247A5F1A0080665E /* AppDelegate.swift */ = {isa = PBXFileReference; lastKnownFileType = sourcecode.swift; path = AppDelegate.swift; sourceTree = "<group>"; };
		FF8916AA247A5F1A0080665E /* ViewController.swift */ = {isa = PBXFileReference; lastKnownFileType = sourcecode.swift; path = ViewController.swift; sourceTree = "<group>"; };
		FF8916AC247A5F1B0080665E /* Assets.xcassets */ = {isa = PBXFileReference; lastKnownFileType = folder.assetcatalog; path = Assets.xcassets; sourceTree = "<group>"; };
		FF8916AF247A5F1B0080665E /* Base */ = {isa = PBXFileReference; lastKnownFileType = file.storyboard; name = Base; path = Base.lproj/Main.storyboard; sourceTree = "<group>"; };
		FF8916B1247A5F1B0080665E /* Info.plist */ = {isa = PBXFileReference; lastKnownFileType = text.plist.xml; path = Info.plist; sourceTree = "<group>"; };
		FF8916B2247A5F1B0080665E /* hAppyCodableDemo.entitlements */ = {isa = PBXFileReference; lastKnownFileType = text.plist.entitlements; path = hAppyCodableDemo.entitlements; sourceTree = "<group>"; };
		FFA32FE624A63541009DBE2A /* Test.swift */ = {isa = PBXFileReference; fileEncoding = 4; lastKnownFileType = sourcecode.swift; path = Test.swift; sourceTree = "<group>"; };
		FFBB4A2E249B13FF0055CA66 /* HappyCodableCommandLine */ = {isa = PBXFileReference; explicitFileType = "compiled.mach-o.executable"; includeInIndex = 0; path = HappyCodableCommandLine; sourceTree = BUILT_PRODUCTS_DIR; };
		FFBB4A4A249B14F90055CA66 /* main.swift */ = {isa = PBXFileReference; lastKnownFileType = sourcecode.swift; path = main.swift; sourceTree = "<group>"; };
		FFC6298A24D4602B00252AEE /* AttributesTest.swift */ = {isa = PBXFileReference; lastKnownFileType = sourcecode.swift; path = AttributesTest.swift; sourceTree = "<group>"; };
		FFC6298C24D467A200252AEE /* WithAttribute.swift */ = {isa = PBXFileReference; lastKnownFileType = sourcecode.swift; path = WithAttribute.swift; sourceTree = "<group>"; };
		FFC6298E24D4741400252AEE /* KeyedDecodingContainerTests.swift */ = {isa = PBXFileReference; lastKnownFileType = sourcecode.swift; path = KeyedDecodingContainerTests.swift; sourceTree = "<group>"; };
		FFC6299224D4742F00252AEE /* ForKeyedDecodingContainer.swift */ = {isa = PBXFileReference; lastKnownFileType = sourcecode.swift; path = ForKeyedDecodingContainer.swift; sourceTree = "<group>"; };
/* End PBXFileReference section */

/* Begin PBXFrameworksBuildPhase section */
		FF0C571624D3B3A1001CAC0F /* Frameworks */ = {
			isa = PBXFrameworksBuildPhase;
			buildActionMask = 2147483647;
			files = (
				504C9E5ED00E897E8C6475C1 /* Pods_CommandLineTests.framework in Frameworks */,
			);
			runOnlyForDeploymentPostprocessing = 0;
		};
		FF0C572424D3B3BA001CAC0F /* Frameworks */ = {
			isa = PBXFrameworksBuildPhase;
			buildActionMask = 2147483647;
			files = (
				CF4736B7D470CC691CFA39F4 /* libPods-CommonTests.a in Frameworks */,
			);
			runOnlyForDeploymentPostprocessing = 0;
		};
		FF8916A3247A5F1A0080665E /* Frameworks */ = {
			isa = PBXFrameworksBuildPhase;
			buildActionMask = 2147483647;
			files = (
				13C48EBF491B21954B955FD5 /* libPods-HappyCodableDemo.a in Frameworks */,
			);
			runOnlyForDeploymentPostprocessing = 0;
		};
		FFBB4A2B249B13FF0055CA66 /* Frameworks */ = {
			isa = PBXFrameworksBuildPhase;
			buildActionMask = 2147483647;
			files = (
				CA5EA8876E3062EFE7AEF6F9 /* libPods-HappyCodableCommandLine.a in Frameworks */,
			);
			runOnlyForDeploymentPostprocessing = 0;
		};
/* End PBXFrameworksBuildPhase section */

/* Begin PBXGroup section */
		3B556B32BDA05E177458921B /* Pods */ = {
			isa = PBXGroup;
			children = (
				5CB2DB2199EC23BED04A178A /* Pods-hAppyCodableDemo.debug.xcconfig */,
				450E0DF62299CEA5D8A97212 /* Pods-hAppyCodableDemo.release.xcconfig */,
				13F3D776CCD091D3C2A40CCB /* Pods-HappyCodableDemo.debug.xcconfig */,
				2ADC64C83B367C31BA94F8B5 /* Pods-HappyCodableDemo.release.xcconfig */,
				2FCBCE44B725E6E673731E69 /* Pods-HappyCodable.debug.xcconfig */,
				F187321C51F5E31B907CA71C /* Pods-HappyCodable.release.xcconfig */,
				96C6A7EEAF11763A7573B758 /* Pods-HappyCodableCommandLine.debug.xcconfig */,
				6E3E6D938487EABD00D517E4 /* Pods-HappyCodableCommandLine.release.xcconfig */,
				246C265DBADA789C01FC8986 /* Pods-HappyCodableTests.debug.xcconfig */,
				4A8EC4AAB379796166304299 /* Pods-HappyCodableTests.release.xcconfig */,
				6B10C468B7D105BAE1A1F9F1 /* Pods-CommandLineTests.debug.xcconfig */,
				035E09BA3645FBE57F2697ED /* Pods-CommandLineTests.release.xcconfig */,
				C8D3D034011FDB23D762575E /* Pods-CommonTests.debug.xcconfig */,
				4508BA3BFE4935613B4C79A5 /* Pods-CommonTests.release.xcconfig */,
			);
			path = Pods;
			sourceTree = "<group>";
		};
		A79A9558D9C03727C0993E75 /* Frameworks */ = {
			isa = PBXGroup;
			children = (
				FF89169D247A5DCF0080665E /* SWXMLHash.framework */,
				FF89168D247A5D7D0080665E /* SWXMLHash.framework */,
				75D1B5E242489F0043B99519 /* Pods_HappyCodableTests.framework */,
				ABFBBD9D9A06B7A7D42FD60B /* libPods-CommonTests.a */,
				1B5D9DD7637DEB3514EF730E /* libPods-HappyCodableCommandLine.a */,
				3C7D07FF3EDFDBD3B21EFC77 /* libPods-HappyCodableDemo.a */,
				58492BD25523D17804E2559C /* Pods_CommandLineTests.framework */,
			);
			name = Frameworks;
			sourceTree = "<group>";
		};
		FF0C571A24D3B3A1001CAC0F /* CommandLineTests */ = {
			isa = PBXGroup;
			children = (
				FF0C571B24D3B3A1001CAC0F /* CommandLineTests.swift */,
				FF0C571D24D3B3A1001CAC0F /* Info.plist */,
			);
			path = CommandLineTests;
			sourceTree = "<group>";
		};
		FF0C572824D3B3BA001CAC0F /* CommonTests */ = {
			isa = PBXGroup;
			children = (
				FF0C572924D3B3BA001CAC0F /* CommonTests.swift */,
				FFC6298A24D4602B00252AEE /* AttributesTest.swift */,
				FFC6298E24D4741400252AEE /* KeyedDecodingContainerTests.swift */,
				FF071AA424D50E4600A746FC /* TypeMismatchTests.swift */,
				FF1EC1EC24D5AE4100E78447 /* CodingKeysExistTests.swift */,
				FF0C572B24D3B3BA001CAC0F /* Info.plist */,
			);
			path = CommonTests;
			sourceTree = "<group>";
		};
		FF0C573324D3B4B6001CAC0F /* TestObjects */ = {
			isa = PBXGroup;
			children = (
				FF0C573424D3B4CD001CAC0F /* Class.swift */,
				FF0C573824D3B4DD001CAC0F /* enum.swift */,
				FF0C573624D3B4D4001CAC0F /* struct.swift */,
				FFC6298C24D467A200252AEE /* WithAttribute.swift */,
				FFC6299224D4742F00252AEE /* ForKeyedDecodingContainer.swift */,
				FF071AA824D53EB900A746FC /* ForSingleValueDecodingContainer.swift */,
				FF1EC1EA24D59F9700E78447 /* CodingKeysExist.swift */,
			);
			path = TestObjects;
			sourceTree = "<group>";
		};
		FF891677247A5AFC0080665E = {
			isa = PBXGroup;
			children = (
				FF8916A7247A5F1A0080665E /* HappyCodableDemo */,
				FFBB4A2F249B13FF0055CA66 /* HappyCodableCommandLine */,
				FF0C571A24D3B3A1001CAC0F /* CommandLineTests */,
				FF0C572824D3B3BA001CAC0F /* CommonTests */,
				FF891681247A5AFC0080665E /* Products */,
				3B556B32BDA05E177458921B /* Pods */,
				A79A9558D9C03727C0993E75 /* Frameworks */,
			);
			sourceTree = "<group>";
		};
		FF891681247A5AFC0080665E /* Products */ = {
			isa = PBXGroup;
			children = (
				FF8916A6247A5F1A0080665E /* HappyCodableDemo.app */,
				FFBB4A2E249B13FF0055CA66 /* HappyCodableCommandLine */,
				FF0C571924D3B3A1001CAC0F /* CommandLineTests.xctest */,
				FF0C572724D3B3BA001CAC0F /* CommonTests.xctest */,
			);
			name = Products;
			sourceTree = "<group>";
		};
		FF8916A7247A5F1A0080665E /* HappyCodableDemo */ = {
			isa = PBXGroup;
			children = (
				FF7F4DC12507499500435B0F /* HappyCodable.generated.swift */,
				FF0C573324D3B4B6001CAC0F /* TestObjects */,
				FFA32FE624A63541009DBE2A /* Test.swift */,
				FF8916A8247A5F1A0080665E /* AppDelegate.swift */,
				FF8916AA247A5F1A0080665E /* ViewController.swift */,
				FF8916AC247A5F1B0080665E /* Assets.xcassets */,
				FF8916AE247A5F1B0080665E /* Main.storyboard */,
				FF8916B1247A5F1B0080665E /* Info.plist */,
				FF8916B2247A5F1B0080665E /* hAppyCodableDemo.entitlements */,
			);
			path = HappyCodableDemo;
			sourceTree = "<group>";
		};
		FFBB4A2F249B13FF0055CA66 /* HappyCodableCommandLine */ = {
			isa = PBXGroup;
			children = (
				FFBB4A4A249B14F90055CA66 /* main.swift */,
			);
			path = HappyCodableCommandLine;
			sourceTree = "<group>";
		};
/* End PBXGroup section */

/* Begin PBXNativeTarget section */
		FF0C571824D3B3A1001CAC0F /* CommandLineTests */ = {
			isa = PBXNativeTarget;
			buildConfigurationList = FF0C572024D3B3A1001CAC0F /* Build configuration list for PBXNativeTarget "CommandLineTests" */;
			buildPhases = (
				690FC543DC101F7D47B926C1 /* [CP] Check Pods Manifest.lock */,
				FF0C571524D3B3A1001CAC0F /* Sources */,
				FF0C571624D3B3A1001CAC0F /* Frameworks */,
				FF0C571724D3B3A1001CAC0F /* Resources */,
				9520028F31C3D058BE7D3D1B /* [CP] Embed Pods Frameworks */,
			);
			buildRules = (
			);
			dependencies = (
				FF0C571F24D3B3A1001CAC0F /* PBXTargetDependency */,
			);
			name = CommandLineTests;
			productName = CommandLineTests;
			productReference = FF0C571924D3B3A1001CAC0F /* CommandLineTests.xctest */;
			productType = "com.apple.product-type.bundle.unit-test";
		};
		FF0C572624D3B3BA001CAC0F /* CommonTests */ = {
			isa = PBXNativeTarget;
			buildConfigurationList = FF0C572E24D3B3BA001CAC0F /* Build configuration list for PBXNativeTarget "CommonTests" */;
			buildPhases = (
				B70FBC853060C52FD66913DF /* [CP] Check Pods Manifest.lock */,
				FF0C572324D3B3BA001CAC0F /* Sources */,
				FF0C572424D3B3BA001CAC0F /* Frameworks */,
				FF0C572524D3B3BA001CAC0F /* Resources */,
			);
			buildRules = (
			);
			dependencies = (
				FF0C572D24D3B3BA001CAC0F /* PBXTargetDependency */,
			);
			name = CommonTests;
			productName = CommonTests;
			productReference = FF0C572724D3B3BA001CAC0F /* CommonTests.xctest */;
			productType = "com.apple.product-type.bundle.unit-test";
		};
		FF8916A5247A5F1A0080665E /* HappyCodableDemo */ = {
			isa = PBXNativeTarget;
			buildConfigurationList = FF8916B3247A5F1B0080665E /* Build configuration list for PBXNativeTarget "HappyCodableDemo" */;
			buildPhases = (
				2635AF5171A7E14D993F0C8A /* [CP] Check Pods Manifest.lock */,
				FF99A5EA2500D1810009F782 /* Run HappyCodableCommandLine */,
				FF8916A2247A5F1A0080665E /* Sources */,
				FF8916A3247A5F1A0080665E /* Frameworks */,
				FF8916A4247A5F1A0080665E /* Resources */,
			);
			buildRules = (
			);
			dependencies = (
				FF99A5EC2500D5050009F782 /* PBXTargetDependency */,
			);
			name = HappyCodableDemo;
			productName = hAppyCodableDemo;
			productReference = FF8916A6247A5F1A0080665E /* HappyCodableDemo.app */;
			productType = "com.apple.product-type.application";
		};
		FFBB4A2D249B13FF0055CA66 /* HappyCodableCommandLine */ = {
			isa = PBXNativeTarget;
			buildConfigurationList = FFBB4A34249B13FF0055CA66 /* Build configuration list for PBXNativeTarget "HappyCodableCommandLine" */;
			buildPhases = (
				279AE8B7A3B931E7CE9128D5 /* [CP] Check Pods Manifest.lock */,
				FFBB4A2A249B13FF0055CA66 /* Sources */,
				FFBB4A2B249B13FF0055CA66 /* Frameworks */,
				FFBB4A2C249B13FF0055CA66 /* CopyFiles */,
			);
			buildRules = (
			);
			dependencies = (
			);
			name = HappyCodableCommandLine;
			productName = HappyCodable;
			productReference = FFBB4A2E249B13FF0055CA66 /* HappyCodableCommandLine */;
			productType = "com.apple.product-type.tool";
		};
/* End PBXNativeTarget section */

/* Begin PBXProject section */
		FF891678247A5AFC0080665E /* Project object */ = {
			isa = PBXProject;
			attributes = {
				LastSwiftUpdateCheck = 1200;
				LastUpgradeCheck = 1150;
				ORGANIZATIONNAME = "庄黛淳华";
				TargetAttributes = {
					FF0C571824D3B3A1001CAC0F = {
						CreatedOnToolsVersion = 12.0;
					};
					FF0C572624D3B3BA001CAC0F = {
						CreatedOnToolsVersion = 12.0;
						TestTargetID = FF8916A5247A5F1A0080665E;
					};
					FF8916A5247A5F1A0080665E = {
						CreatedOnToolsVersion = 11.5;
						LastSwiftMigration = 1200;
					};
					FFBB4A2D249B13FF0055CA66 = {
						CreatedOnToolsVersion = 11.5;
						LastSwiftMigration = 1150;
					};
				};
			};
			buildConfigurationList = FF89167B247A5AFC0080665E /* Build configuration list for PBXProject "HappyCodableDemo" */;
			compatibilityVersion = "Xcode 9.3";
			developmentRegion = en;
			hasScannedForEncodings = 0;
			knownRegions = (
				en,
				Base,
			);
			mainGroup = FF891677247A5AFC0080665E;
			productRefGroup = FF891681247A5AFC0080665E /* Products */;
			projectDirPath = "";
			projectRoot = "";
			targets = (
				FF8916A5247A5F1A0080665E /* HappyCodableDemo */,
				FFBB4A2D249B13FF0055CA66 /* HappyCodableCommandLine */,
				FF0C571824D3B3A1001CAC0F /* CommandLineTests */,
				FF0C572624D3B3BA001CAC0F /* CommonTests */,
			);
		};
/* End PBXProject section */

/* Begin PBXResourcesBuildPhase section */
		FF0C571724D3B3A1001CAC0F /* Resources */ = {
			isa = PBXResourcesBuildPhase;
			buildActionMask = 2147483647;
			files = (
			);
			runOnlyForDeploymentPostprocessing = 0;
		};
		FF0C572524D3B3BA001CAC0F /* Resources */ = {
			isa = PBXResourcesBuildPhase;
			buildActionMask = 2147483647;
			files = (
			);
			runOnlyForDeploymentPostprocessing = 0;
		};
		FF8916A4247A5F1A0080665E /* Resources */ = {
			isa = PBXResourcesBuildPhase;
			buildActionMask = 2147483647;
			files = (
				FF8916AD247A5F1B0080665E /* Assets.xcassets in Resources */,
				FF8916B0247A5F1B0080665E /* Main.storyboard in Resources */,
			);
			runOnlyForDeploymentPostprocessing = 0;
		};
/* End PBXResourcesBuildPhase section */

/* Begin PBXShellScriptBuildPhase section */
		2635AF5171A7E14D993F0C8A /* [CP] Check Pods Manifest.lock */ = {
			isa = PBXShellScriptBuildPhase;
			buildActionMask = 2147483647;
			files = (
			);
			inputFileListPaths = (
			);
			inputPaths = (
				"${PODS_PODFILE_DIR_PATH}/Podfile.lock",
				"${PODS_ROOT}/Manifest.lock",
			);
			name = "[CP] Check Pods Manifest.lock";
			outputFileListPaths = (
			);
			outputPaths = (
				"$(DERIVED_FILE_DIR)/Pods-HappyCodableDemo-checkManifestLockResult.txt",
			);
			runOnlyForDeploymentPostprocessing = 0;
			shellPath = /bin/sh;
			shellScript = "diff \"${PODS_PODFILE_DIR_PATH}/Podfile.lock\" \"${PODS_ROOT}/Manifest.lock\" > /dev/null\nif [ $? != 0 ] ; then\n    # print error to STDERR\n    echo \"error: The sandbox is not in sync with the Podfile.lock. Run 'pod install' or update your CocoaPods installation.\" >&2\n    exit 1\nfi\n# This output is used by Xcode 'outputs' to avoid re-running this script phase.\necho \"SUCCESS\" > \"${SCRIPT_OUTPUT_FILE_0}\"\n";
			showEnvVarsInLog = 0;
		};
		279AE8B7A3B931E7CE9128D5 /* [CP] Check Pods Manifest.lock */ = {
			isa = PBXShellScriptBuildPhase;
			buildActionMask = 2147483647;
			files = (
			);
			inputFileListPaths = (
			);
			inputPaths = (
				"${PODS_PODFILE_DIR_PATH}/Podfile.lock",
				"${PODS_ROOT}/Manifest.lock",
			);
			name = "[CP] Check Pods Manifest.lock";
			outputFileListPaths = (
			);
			outputPaths = (
				"$(DERIVED_FILE_DIR)/Pods-HappyCodableCommandLine-checkManifestLockResult.txt",
			);
			runOnlyForDeploymentPostprocessing = 0;
			shellPath = /bin/sh;
			shellScript = "diff \"${PODS_PODFILE_DIR_PATH}/Podfile.lock\" \"${PODS_ROOT}/Manifest.lock\" > /dev/null\nif [ $? != 0 ] ; then\n    # print error to STDERR\n    echo \"error: The sandbox is not in sync with the Podfile.lock. Run 'pod install' or update your CocoaPods installation.\" >&2\n    exit 1\nfi\n# This output is used by Xcode 'outputs' to avoid re-running this script phase.\necho \"SUCCESS\" > \"${SCRIPT_OUTPUT_FILE_0}\"\n";
			showEnvVarsInLog = 0;
		};
		690FC543DC101F7D47B926C1 /* [CP] Check Pods Manifest.lock */ = {
			isa = PBXShellScriptBuildPhase;
			buildActionMask = 2147483647;
			files = (
			);
			inputFileListPaths = (
			);
			inputPaths = (
				"${PODS_PODFILE_DIR_PATH}/Podfile.lock",
				"${PODS_ROOT}/Manifest.lock",
			);
			name = "[CP] Check Pods Manifest.lock";
			outputFileListPaths = (
			);
			outputPaths = (
				"$(DERIVED_FILE_DIR)/Pods-CommandLineTests-checkManifestLockResult.txt",
			);
			runOnlyForDeploymentPostprocessing = 0;
			shellPath = /bin/sh;
			shellScript = "diff \"${PODS_PODFILE_DIR_PATH}/Podfile.lock\" \"${PODS_ROOT}/Manifest.lock\" > /dev/null\nif [ $? != 0 ] ; then\n    # print error to STDERR\n    echo \"error: The sandbox is not in sync with the Podfile.lock. Run 'pod install' or update your CocoaPods installation.\" >&2\n    exit 1\nfi\n# This output is used by Xcode 'outputs' to avoid re-running this script phase.\necho \"SUCCESS\" > \"${SCRIPT_OUTPUT_FILE_0}\"\n";
			showEnvVarsInLog = 0;
		};
		9520028F31C3D058BE7D3D1B /* [CP] Embed Pods Frameworks */ = {
			isa = PBXShellScriptBuildPhase;
			buildActionMask = 2147483647;
			files = (
			);
			inputFileListPaths = (
			);
			name = "[CP] Embed Pods Frameworks";
			outputFileListPaths = (
			);
			runOnlyForDeploymentPostprocessing = 0;
			shellPath = /bin/sh;
			shellScript = "\"${PODS_ROOT}/Target Support Files/Pods-CommandLineTests/Pods-CommandLineTests-frameworks.sh\"\n";
			showEnvVarsInLog = 0;
		};
		B70FBC853060C52FD66913DF /* [CP] Check Pods Manifest.lock */ = {
			isa = PBXShellScriptBuildPhase;
			buildActionMask = 2147483647;
			files = (
			);
			inputFileListPaths = (
			);
			inputPaths = (
				"${PODS_PODFILE_DIR_PATH}/Podfile.lock",
				"${PODS_ROOT}/Manifest.lock",
			);
			name = "[CP] Check Pods Manifest.lock";
			outputFileListPaths = (
			);
			outputPaths = (
				"$(DERIVED_FILE_DIR)/Pods-CommonTests-checkManifestLockResult.txt",
			);
			runOnlyForDeploymentPostprocessing = 0;
			shellPath = /bin/sh;
			shellScript = "diff \"${PODS_PODFILE_DIR_PATH}/Podfile.lock\" \"${PODS_ROOT}/Manifest.lock\" > /dev/null\nif [ $? != 0 ] ; then\n    # print error to STDERR\n    echo \"error: The sandbox is not in sync with the Podfile.lock. Run 'pod install' or update your CocoaPods installation.\" >&2\n    exit 1\nfi\n# This output is used by Xcode 'outputs' to avoid re-running this script phase.\necho \"SUCCESS\" > \"${SCRIPT_OUTPUT_FILE_0}\"\n";
			showEnvVarsInLog = 0;
		};
		FF99A5EA2500D1810009F782 /* Run HappyCodableCommandLine */ = {
			isa = PBXShellScriptBuildPhase;
			buildActionMask = 2147483647;
			files = (
			);
			inputFileListPaths = (
			);
			inputPaths = (
			);
			name = "Run HappyCodableCommandLine";
			outputFileListPaths = (
			);
			outputPaths = (
			);
			runOnlyForDeploymentPostprocessing = 0;
			shellPath = /bin/sh;
			shellScript = "# 编译完的 HappyCodableCommandLine 路径, 不用改\ncommandLine=\"${SYMROOT}/${CONFIGURATION}/HappyCodableCommandLine\"\n\n# 需要扫描的路径, ${SRCROOT}/${PRODUCT_NAME} 代表整个工程的默认目录, 需要根据需要修改\nscanPath=\"${SRCROOT}/${PRODUCT_NAME}\"\n\n# 生成代码的保存文件目录, 需要根据需要修改\ngeneratedPath=\"${SRCROOT}/HappyCodable.generated.swift\"\n\necho \"${commandLine} ${scanPath} ${generatedPath}\"\n${commandLine} ${scanPath} ${generatedPath}\n";
		};
/* End PBXShellScriptBuildPhase section */

/* Begin PBXSourcesBuildPhase section */
		FF0C571524D3B3A1001CAC0F /* Sources */ = {
			isa = PBXSourcesBuildPhase;
			buildActionMask = 2147483647;
			files = (
				FF0C571C24D3B3A1001CAC0F /* CommandLineTests.swift in Sources */,
			);
			runOnlyForDeploymentPostprocessing = 0;
		};
		FF0C572324D3B3BA001CAC0F /* Sources */ = {
			isa = PBXSourcesBuildPhase;
			buildActionMask = 2147483647;
			files = (
				FFC6298B24D4602B00252AEE /* AttributesTest.swift in Sources */,
				FF1EC1ED24D5AE4100E78447 /* CodingKeysExistTests.swift in Sources */,
				FF071AA524D50E4600A746FC /* TypeMismatchTests.swift in Sources */,
				FFC6298F24D4741400252AEE /* KeyedDecodingContainerTests.swift in Sources */,
				FF0C572A24D3B3BA001CAC0F /* CommonTests.swift in Sources */,
			);
			runOnlyForDeploymentPostprocessing = 0;
		};
		FF8916A2247A5F1A0080665E /* Sources */ = {
			isa = PBXSourcesBuildPhase;
			buildActionMask = 2147483647;
			files = (
				FF1EC1EB24D59F9700E78447 /* CodingKeysExist.swift in Sources */,
				FF0C573B24D3B5F3001CAC0F /* Class.swift in Sources */,
				FFC6299324D4742F00252AEE /* ForKeyedDecodingContainer.swift in Sources */,
				FF0C573A24D3B5F3001CAC0F /* enum.swift in Sources */,
				FFA32FEA24A635BF009DBE2A /* Test.swift in Sources */,
				FF0C573C24D3B5F3001CAC0F /* struct.swift in Sources */,
				FF8916AB247A5F1A0080665E /* ViewController.swift in Sources */,
				FFC6298D24D467A200252AEE /* WithAttribute.swift in Sources */,
				FF071AA924D53EB900A746FC /* ForSingleValueDecodingContainer.swift in Sources */,
				FF7F4DC22507499500435B0F /* HappyCodable.generated.swift in Sources */,
				FF8916A9247A5F1A0080665E /* AppDelegate.swift in Sources */,
			);
			runOnlyForDeploymentPostprocessing = 0;
		};
		FFBB4A2A249B13FF0055CA66 /* Sources */ = {
			isa = PBXSourcesBuildPhase;
			buildActionMask = 2147483647;
			files = (
				FFBB4A4B249B14F90055CA66 /* main.swift in Sources */,
			);
			runOnlyForDeploymentPostprocessing = 0;
		};
/* End PBXSourcesBuildPhase section */

/* Begin PBXTargetDependency section */
		FF0C571F24D3B3A1001CAC0F /* PBXTargetDependency */ = {
			isa = PBXTargetDependency;
			target = FF8916A5247A5F1A0080665E /* HappyCodableDemo */;
			targetProxy = FF0C571E24D3B3A1001CAC0F /* PBXContainerItemProxy */;
		};
		FF0C572D24D3B3BA001CAC0F /* PBXTargetDependency */ = {
			isa = PBXTargetDependency;
			target = FF8916A5247A5F1A0080665E /* HappyCodableDemo */;
			targetProxy = FF0C572C24D3B3BA001CAC0F /* PBXContainerItemProxy */;
		};
		FF99A5EC2500D5050009F782 /* PBXTargetDependency */ = {
			isa = PBXTargetDependency;
			target = FFBB4A2D249B13FF0055CA66 /* HappyCodableCommandLine */;
			targetProxy = FF99A5EB2500D5050009F782 /* PBXContainerItemProxy */;
		};
/* End PBXTargetDependency section */

/* Begin PBXVariantGroup section */
		FF8916AE247A5F1B0080665E /* Main.storyboard */ = {
			isa = PBXVariantGroup;
			children = (
				FF8916AF247A5F1B0080665E /* Base */,
			);
			name = Main.storyboard;
			sourceTree = "<group>";
		};
/* End PBXVariantGroup section */

/* Begin XCBuildConfiguration section */
		FF0C572124D3B3A1001CAC0F /* Debug */ = {
			isa = XCBuildConfiguration;
			baseConfigurationReference = 6B10C468B7D105BAE1A1F9F1 /* Pods-CommandLineTests.debug.xcconfig */;
			buildSettings = {
				CLANG_WARN_QUOTED_INCLUDE_IN_FRAMEWORK_HEADER = YES;
				CODE_SIGN_STYLE = Automatic;
				COMBINE_HIDPI_IMAGES = YES;
				DEVELOPMENT_TEAM = 3AP6XM8L72;
				INFOPLIST_FILE = CommandLineTests/Info.plist;
				LD_RUNPATH_SEARCH_PATHS = (
					"$(inherited)",
					"@executable_path/../Frameworks",
					"@loader_path/../Frameworks",
				);
				PRODUCT_BUNDLE_IDENTIFIER = mikun.CommandLineTests;
				PRODUCT_NAME = "$(TARGET_NAME)";
				SWIFT_VERSION = 5.0;
			};
			name = Debug;
		};
		FF0C572224D3B3A1001CAC0F /* Release */ = {
			isa = XCBuildConfiguration;
			baseConfigurationReference = 035E09BA3645FBE57F2697ED /* Pods-CommandLineTests.release.xcconfig */;
			buildSettings = {
				CLANG_WARN_QUOTED_INCLUDE_IN_FRAMEWORK_HEADER = YES;
				CODE_SIGN_STYLE = Automatic;
				COMBINE_HIDPI_IMAGES = YES;
				DEVELOPMENT_TEAM = 3AP6XM8L72;
				INFOPLIST_FILE = CommandLineTests/Info.plist;
				LD_RUNPATH_SEARCH_PATHS = (
					"$(inherited)",
					"@executable_path/../Frameworks",
					"@loader_path/../Frameworks",
				);
				PRODUCT_BUNDLE_IDENTIFIER = mikun.CommandLineTests;
				PRODUCT_NAME = "$(TARGET_NAME)";
				SWIFT_VERSION = 5.0;
			};
			name = Release;
		};
		FF0C572F24D3B3BA001CAC0F /* Debug */ = {
			isa = XCBuildConfiguration;
			baseConfigurationReference = C8D3D034011FDB23D762575E /* Pods-CommonTests.debug.xcconfig */;
			buildSettings = {
				BUNDLE_LOADER = "$(TEST_HOST)";
				CLANG_WARN_QUOTED_INCLUDE_IN_FRAMEWORK_HEADER = YES;
				CODE_SIGN_STYLE = Automatic;
				COMBINE_HIDPI_IMAGES = YES;
				DEVELOPMENT_TEAM = 3AP6XM8L72;
				INFOPLIST_FILE = CommonTests/Info.plist;
				LD_RUNPATH_SEARCH_PATHS = (
					"$(inherited)",
					"@executable_path/../Frameworks",
					"@loader_path/../Frameworks",
				);
				PRODUCT_BUNDLE_IDENTIFIER = mikun.CommonTests;
				PRODUCT_NAME = "$(TARGET_NAME)";
				SWIFT_VERSION = 5.0;
				TEST_HOST = "$(BUILT_PRODUCTS_DIR)/HappyCodableDemo.app/Contents/MacOS/HappyCodableDemo";
			};
			name = Debug;
		};
		FF0C573024D3B3BA001CAC0F /* Release */ = {
			isa = XCBuildConfiguration;
			baseConfigurationReference = 4508BA3BFE4935613B4C79A5 /* Pods-CommonTests.release.xcconfig */;
			buildSettings = {
				BUNDLE_LOADER = "$(TEST_HOST)";
				CLANG_WARN_QUOTED_INCLUDE_IN_FRAMEWORK_HEADER = YES;
				CODE_SIGN_STYLE = Automatic;
				COMBINE_HIDPI_IMAGES = YES;
				DEVELOPMENT_TEAM = 3AP6XM8L72;
				INFOPLIST_FILE = CommonTests/Info.plist;
				LD_RUNPATH_SEARCH_PATHS = (
					"$(inherited)",
					"@executable_path/../Frameworks",
					"@loader_path/../Frameworks",
				);
				PRODUCT_BUNDLE_IDENTIFIER = mikun.CommonTests;
				PRODUCT_NAME = "$(TARGET_NAME)";
				SWIFT_VERSION = 5.0;
				TEST_HOST = "$(BUILT_PRODUCTS_DIR)/HappyCodableDemo.app/Contents/MacOS/HappyCodableDemo";
			};
			name = Release;
		};
		FF891685247A5AFC0080665E /* Debug */ = {
			isa = XCBuildConfiguration;
			buildSettings = {
				ALWAYS_SEARCH_USER_PATHS = NO;
				CLANG_ANALYZER_NONNULL = YES;
				CLANG_ANALYZER_NUMBER_OBJECT_CONVERSION = YES_AGGRESSIVE;
				CLANG_CXX_LANGUAGE_STANDARD = "gnu++14";
				CLANG_CXX_LIBRARY = "libc++";
				CLANG_ENABLE_MODULES = YES;
				CLANG_ENABLE_OBJC_ARC = YES;
				CLANG_ENABLE_OBJC_WEAK = YES;
				CLANG_WARN_BLOCK_CAPTURE_AUTORELEASING = YES;
				CLANG_WARN_BOOL_CONVERSION = YES;
				CLANG_WARN_COMMA = YES;
				CLANG_WARN_CONSTANT_CONVERSION = YES;
				CLANG_WARN_DEPRECATED_OBJC_IMPLEMENTATIONS = YES;
				CLANG_WARN_DIRECT_OBJC_ISA_USAGE = YES_ERROR;
				CLANG_WARN_DOCUMENTATION_COMMENTS = YES;
				CLANG_WARN_EMPTY_BODY = YES;
				CLANG_WARN_ENUM_CONVERSION = YES;
				CLANG_WARN_INFINITE_RECURSION = YES;
				CLANG_WARN_INT_CONVERSION = YES;
				CLANG_WARN_NON_LITERAL_NULL_CONVERSION = YES;
				CLANG_WARN_OBJC_IMPLICIT_RETAIN_SELF = YES;
				CLANG_WARN_OBJC_LITERAL_CONVERSION = YES;
				CLANG_WARN_OBJC_ROOT_CLASS = YES_ERROR;
				CLANG_WARN_RANGE_LOOP_ANALYSIS = YES;
				CLANG_WARN_STRICT_PROTOTYPES = YES;
				CLANG_WARN_SUSPICIOUS_MOVE = YES;
				CLANG_WARN_UNGUARDED_AVAILABILITY = YES_AGGRESSIVE;
				CLANG_WARN_UNREACHABLE_CODE = YES;
				CLANG_WARN__DUPLICATE_METHOD_MATCH = YES;
				COPY_PHASE_STRIP = NO;
				DEBUG_INFORMATION_FORMAT = dwarf;
				ENABLE_STRICT_OBJC_MSGSEND = YES;
				ENABLE_TESTABILITY = YES;
				GCC_C_LANGUAGE_STANDARD = gnu11;
				GCC_DYNAMIC_NO_PIC = NO;
				GCC_NO_COMMON_BLOCKS = YES;
				GCC_OPTIMIZATION_LEVEL = 0;
				GCC_PREPROCESSOR_DEFINITIONS = (
					"DEBUG=1",
					"$(inherited)",
				);
				GCC_WARN_64_TO_32_BIT_CONVERSION = YES;
				GCC_WARN_ABOUT_RETURN_TYPE = YES_ERROR;
				GCC_WARN_UNDECLARED_SELECTOR = YES;
				GCC_WARN_UNINITIALIZED_AUTOS = YES_AGGRESSIVE;
				GCC_WARN_UNUSED_FUNCTION = YES;
				GCC_WARN_UNUSED_VARIABLE = YES;
				MACOSX_DEPLOYMENT_TARGET = 10.15;
				MTL_ENABLE_DEBUG_INFO = INCLUDE_SOURCE;
				MTL_FAST_MATH = YES;
				ONLY_ACTIVE_ARCH = YES;
				SDKROOT = macosx;
				SWIFT_ACTIVE_COMPILATION_CONDITIONS = DEBUG;
				SWIFT_OPTIMIZATION_LEVEL = "-Onone";
			};
			name = Debug;
		};
		FF891686247A5AFC0080665E /* Release */ = {
			isa = XCBuildConfiguration;
			buildSettings = {
				ALWAYS_SEARCH_USER_PATHS = NO;
				CLANG_ANALYZER_NONNULL = YES;
				CLANG_ANALYZER_NUMBER_OBJECT_CONVERSION = YES_AGGRESSIVE;
				CLANG_CXX_LANGUAGE_STANDARD = "gnu++14";
				CLANG_CXX_LIBRARY = "libc++";
				CLANG_ENABLE_MODULES = YES;
				CLANG_ENABLE_OBJC_ARC = YES;
				CLANG_ENABLE_OBJC_WEAK = YES;
				CLANG_WARN_BLOCK_CAPTURE_AUTORELEASING = YES;
				CLANG_WARN_BOOL_CONVERSION = YES;
				CLANG_WARN_COMMA = YES;
				CLANG_WARN_CONSTANT_CONVERSION = YES;
				CLANG_WARN_DEPRECATED_OBJC_IMPLEMENTATIONS = YES;
				CLANG_WARN_DIRECT_OBJC_ISA_USAGE = YES_ERROR;
				CLANG_WARN_DOCUMENTATION_COMMENTS = YES;
				CLANG_WARN_EMPTY_BODY = YES;
				CLANG_WARN_ENUM_CONVERSION = YES;
				CLANG_WARN_INFINITE_RECURSION = YES;
				CLANG_WARN_INT_CONVERSION = YES;
				CLANG_WARN_NON_LITERAL_NULL_CONVERSION = YES;
				CLANG_WARN_OBJC_IMPLICIT_RETAIN_SELF = YES;
				CLANG_WARN_OBJC_LITERAL_CONVERSION = YES;
				CLANG_WARN_OBJC_ROOT_CLASS = YES_ERROR;
				CLANG_WARN_RANGE_LOOP_ANALYSIS = YES;
				CLANG_WARN_STRICT_PROTOTYPES = YES;
				CLANG_WARN_SUSPICIOUS_MOVE = YES;
				CLANG_WARN_UNGUARDED_AVAILABILITY = YES_AGGRESSIVE;
				CLANG_WARN_UNREACHABLE_CODE = YES;
				CLANG_WARN__DUPLICATE_METHOD_MATCH = YES;
				COPY_PHASE_STRIP = NO;
				DEBUG_INFORMATION_FORMAT = "dwarf-with-dsym";
				ENABLE_NS_ASSERTIONS = NO;
				ENABLE_STRICT_OBJC_MSGSEND = YES;
				GCC_C_LANGUAGE_STANDARD = gnu11;
				GCC_NO_COMMON_BLOCKS = YES;
				GCC_WARN_64_TO_32_BIT_CONVERSION = YES;
				GCC_WARN_ABOUT_RETURN_TYPE = YES_ERROR;
				GCC_WARN_UNDECLARED_SELECTOR = YES;
				GCC_WARN_UNINITIALIZED_AUTOS = YES_AGGRESSIVE;
				GCC_WARN_UNUSED_FUNCTION = YES;
				GCC_WARN_UNUSED_VARIABLE = YES;
				MACOSX_DEPLOYMENT_TARGET = 10.15;
				MTL_ENABLE_DEBUG_INFO = NO;
				MTL_FAST_MATH = YES;
				SDKROOT = macosx;
				SWIFT_COMPILATION_MODE = wholemodule;
				SWIFT_OPTIMIZATION_LEVEL = "-O";
			};
			name = Release;
		};
		FF8916B4247A5F1B0080665E /* Debug */ = {
			isa = XCBuildConfiguration;
			baseConfigurationReference = 13F3D776CCD091D3C2A40CCB /* Pods-HappyCodableDemo.debug.xcconfig */;
			buildSettings = {
				ASSETCATALOG_COMPILER_APPICON_NAME = AppIcon;
				CLANG_ENABLE_MODULES = YES;
				CODE_SIGN_ENTITLEMENTS = hAppyCodableDemo/hAppyCodableDemo.entitlements;
				CODE_SIGN_STYLE = Automatic;
				COMBINE_HIDPI_IMAGES = YES;
				DEVELOPMENT_TEAM = 3AP6XM8L72;
				ENABLE_HARDENED_RUNTIME = YES;
				INFOPLIST_FILE = hAppyCodableDemo/Info.plist;
				LD_RUNPATH_SEARCH_PATHS = (
					"$(inherited)",
					"@executable_path/../Frameworks",
				);
				PRODUCT_BUNDLE_IDENTIFIER = mikun.hAppyCodableDemo;
				PRODUCT_NAME = "$(TARGET_NAME)";
				SWIFT_OPTIMIZATION_LEVEL = "-Onone";
				SWIFT_VERSION = 5.0;
			};
			name = Debug;
		};
		FF8916B5247A5F1B0080665E /* Release */ = {
			isa = XCBuildConfiguration;
			baseConfigurationReference = 2ADC64C83B367C31BA94F8B5 /* Pods-HappyCodableDemo.release.xcconfig */;
			buildSettings = {
				ASSETCATALOG_COMPILER_APPICON_NAME = AppIcon;
				CLANG_ENABLE_MODULES = YES;
				CODE_SIGN_ENTITLEMENTS = hAppyCodableDemo/hAppyCodableDemo.entitlements;
				CODE_SIGN_STYLE = Automatic;
				COMBINE_HIDPI_IMAGES = YES;
				DEVELOPMENT_TEAM = 3AP6XM8L72;
				ENABLE_HARDENED_RUNTIME = YES;
				INFOPLIST_FILE = hAppyCodableDemo/Info.plist;
				LD_RUNPATH_SEARCH_PATHS = (
					"$(inherited)",
					"@executable_path/../Frameworks",
				);
				PRODUCT_BUNDLE_IDENTIFIER = mikun.hAppyCodableDemo;
				PRODUCT_NAME = "$(TARGET_NAME)";
				SWIFT_VERSION = 5.0;
			};
			name = Release;
		};
		FFBB4A32249B13FF0055CA66 /* Debug */ = {
			isa = XCBuildConfiguration;
			baseConfigurationReference = 96C6A7EEAF11763A7573B758 /* Pods-HappyCodableCommandLine.debug.xcconfig */;
			buildSettings = {
				CLANG_ENABLE_MODULES = YES;
				CODE_SIGN_IDENTITY = "-";
				CODE_SIGN_STYLE = Automatic;
				DEVELOPMENT_TEAM = "";
				ENABLE_HARDENED_RUNTIME = YES;
				LD_RUNPATH_SEARCH_PATHS = (
					"$(inherited)",
					"@executable_path/../Frameworks",
					"@loader_path/../Frameworks",
				);
				PRODUCT_NAME = "$(TARGET_NAME)";
				SWIFT_OPTIMIZATION_LEVEL = "-Onone";
				SWIFT_VERSION = 5.0;
			};
			name = Debug;
		};
		FFBB4A33249B13FF0055CA66 /* Release */ = {
			isa = XCBuildConfiguration;
			baseConfigurationReference = 6E3E6D938487EABD00D517E4 /* Pods-HappyCodableCommandLine.release.xcconfig */;
			buildSettings = {
				CLANG_ENABLE_MODULES = YES;
				CODE_SIGN_IDENTITY = "-";
				CODE_SIGN_STYLE = Automatic;
				DEVELOPMENT_TEAM = "";
				ENABLE_HARDENED_RUNTIME = YES;
				LD_RUNPATH_SEARCH_PATHS = (
					"$(inherited)",
					"@executable_path/../Frameworks",
					"@loader_path/../Frameworks",
				);
				PRODUCT_NAME = "$(TARGET_NAME)";
				SWIFT_VERSION = 5.0;
			};
			name = Release;
		};
/* End XCBuildConfiguration section */

/* Begin XCConfigurationList section */
		FF0C572024D3B3A1001CAC0F /* Build configuration list for PBXNativeTarget "CommandLineTests" */ = {
			isa = XCConfigurationList;
			buildConfigurations = (
				FF0C572124D3B3A1001CAC0F /* Debug */,
				FF0C572224D3B3A1001CAC0F /* Release */,
			);
			defaultConfigurationIsVisible = 0;
			defaultConfigurationName = Release;
		};
		FF0C572E24D3B3BA001CAC0F /* Build configuration list for PBXNativeTarget "CommonTests" */ = {
			isa = XCConfigurationList;
			buildConfigurations = (
				FF0C572F24D3B3BA001CAC0F /* Debug */,
				FF0C573024D3B3BA001CAC0F /* Release */,
			);
			defaultConfigurationIsVisible = 0;
			defaultConfigurationName = Release;
		};
		FF89167B247A5AFC0080665E /* Build configuration list for PBXProject "HappyCodableDemo" */ = {
			isa = XCConfigurationList;
			buildConfigurations = (
				FF891685247A5AFC0080665E /* Debug */,
				FF891686247A5AFC0080665E /* Release */,
			);
			defaultConfigurationIsVisible = 0;
			defaultConfigurationName = Release;
		};
		FF8916B3247A5F1B0080665E /* Build configuration list for PBXNativeTarget "HappyCodableDemo" */ = {
			isa = XCConfigurationList;
			buildConfigurations = (
				FF8916B4247A5F1B0080665E /* Debug */,
				FF8916B5247A5F1B0080665E /* Release */,
			);
			defaultConfigurationIsVisible = 0;
			defaultConfigurationName = Release;
		};
		FFBB4A34249B13FF0055CA66 /* Build configuration list for PBXNativeTarget "HappyCodableCommandLine" */ = {
			isa = XCConfigurationList;
			buildConfigurations = (
				FFBB4A32249B13FF0055CA66 /* Debug */,
				FFBB4A33249B13FF0055CA66 /* Release */,
			);
			defaultConfigurationIsVisible = 0;
			defaultConfigurationName = Release;
		};
/* End XCConfigurationList section */
	};
	rootObject = FF891678247A5AFC0080665E /* Project object */;
}
