// !$*UTF8*$!
{
	archiveVersion = 1;
	classes = {
	};
	objectVersion = 50;
	objects = {

/* Begin PBXBuildFile section */
		3EF805FC2748E5D631E00A77 /* Pods_Demo.framework in Frameworks */ = {isa = PBXBuildFile; fileRef = B110CBB6DE16F275B21EF1DA /* Pods_Demo.framework */; };
		D1DD58DACBB38108C29C5409 /* Pods_DemoTests.framework in Frameworks */ = {isa = PBXBuildFile; fileRef = 01266F53C72B176F18D27595 /* Pods_DemoTests.framework */; };
		FF037C552520576300BCF03A /* KeyedDecodingContainerTests.swift in Sources */ = {isa = PBXBuildFile; fileRef = FF037C4A2520576300BCF03A /* KeyedDecodingContainerTests.swift */; };
		FF037C562520576300BCF03A /* DataStrategyTest.swift in Sources */ = {isa = PBXBuildFile; fileRef = FF037C4B2520576300BCF03A /* DataStrategyTest.swift */; };
		FF037C572520576300BCF03A /* TypeMismatchTests.swift in Sources */ = {isa = PBXBuildFile; fileRef = FF037C4C2520576300BCF03A /* TypeMismatchTests.swift */; };
		FF037C582520576300BCF03A /* AttributesTest.swift in Sources */ = {isa = PBXBuildFile; fileRef = FF037C4D2520576300BCF03A /* AttributesTest.swift */; };
		FF037C592520576300BCF03A /* CodingKeysExistTests.swift in Sources */ = {isa = PBXBuildFile; fileRef = FF037C4E2520576300BCF03A /* CodingKeysExistTests.swift */; };
		FF037C5A2520576300BCF03A /* DateStrategyTest.swift in Sources */ = {isa = PBXBuildFile; fileRef = FF037C4F2520576300BCF03A /* DateStrategyTest.swift */; };
		FF037C5B2520576300BCF03A /* UncodingTest.swift in Sources */ = {isa = PBXBuildFile; fileRef = FF037C502520576300BCF03A /* UncodingTest.swift */; };
		FF037C5C2520576300BCF03A /* CommonTests.swift in Sources */ = {isa = PBXBuildFile; fileRef = FF037C512520576300BCF03A /* CommonTests.swift */; };
		FF037C5D2520576300BCF03A /* NonConformingFloatStrategyTest.swift in Sources */ = {isa = PBXBuildFile; fileRef = FF037C522520576300BCF03A /* NonConformingFloatStrategyTest.swift */; };
		FF037C5E2520576300BCF03A /* Info.plist in Resources */ = {isa = PBXBuildFile; fileRef = FF037C532520576300BCF03A /* Info.plist */; };
		FF037C5F2520576300BCF03A /* DynamicDefaultTest.swift in Sources */ = {isa = PBXBuildFile; fileRef = FF037C542520576300BCF03A /* DynamicDefaultTest.swift */; };
		FFD58B6E252055C1001CA10D /* Assets.xcassets in Resources */ = {isa = PBXBuildFile; fileRef = FFD58B66252055C1001CA10D /* Assets.xcassets */; };
		FFD58B70252055C1001CA10D /* Main.storyboard in Resources */ = {isa = PBXBuildFile; fileRef = FFD58B69252055C1001CA10D /* Main.storyboard */; };
		FFD58B71252055C1001CA10D /* AppDelegate.swift in Sources */ = {isa = PBXBuildFile; fileRef = FFD58B6B252055C1001CA10D /* AppDelegate.swift */; };
		FFD58B72252055C1001CA10D /* ContentView.swift in Sources */ = {isa = PBXBuildFile; fileRef = FFD58B6C252055C1001CA10D /* ContentView.swift */; };
		FFD58B73252055C1001CA10D /* Info.plist in Resources */ = {isa = PBXBuildFile; fileRef = FFD58B6D252055C1001CA10D /* Info.plist */; };
		FFD58B7F252055F8001CA10D /* NonConformingFloatStrategy.swift in Sources */ = {isa = PBXBuildFile; fileRef = FFD58B75252055F8001CA10D /* NonConformingFloatStrategy.swift */; };
		FFD58B80252055F8001CA10D /* DataStrategy.swift in Sources */ = {isa = PBXBuildFile; fileRef = FFD58B76252055F8001CA10D /* DataStrategy.swift */; };
		FFD58B81252055F8001CA10D /* Uncoding.swift in Sources */ = {isa = PBXBuildFile; fileRef = FFD58B77252055F8001CA10D /* Uncoding.swift */; };
		FFD58B82252055F8001CA10D /* DateStrategy.swift in Sources */ = {isa = PBXBuildFile; fileRef = FFD58B78252055F8001CA10D /* DateStrategy.swift */; };
		FFD58B83252055F8001CA10D /* Class.swift in Sources */ = {isa = PBXBuildFile; fileRef = FFD58B79252055F8001CA10D /* Class.swift */; };
		FFD58B84252055F8001CA10D /* CodingKeysExist.swift in Sources */ = {isa = PBXBuildFile; fileRef = FFD58B7A252055F8001CA10D /* CodingKeysExist.swift */; };
		FFD58B85252055F8001CA10D /* ForKeyedDecodingContainer.swift in Sources */ = {isa = PBXBuildFile; fileRef = FFD58B7B252055F8001CA10D /* ForKeyedDecodingContainer.swift */; };
		FFD58B86252055F8001CA10D /* DynamicDefault.swift in Sources */ = {isa = PBXBuildFile; fileRef = FFD58B7C252055F8001CA10D /* DynamicDefault.swift */; };
		FFD58B87252055F8001CA10D /* WithAttribute.swift in Sources */ = {isa = PBXBuildFile; fileRef = FFD58B7D252055F8001CA10D /* WithAttribute.swift */; };
		FFD58B88252055F8001CA10D /* Struct.swift in Sources */ = {isa = PBXBuildFile; fileRef = FFD58B7E252055F8001CA10D /* Struct.swift */; };
/* End PBXBuildFile section */

/* Begin PBXContainerItemProxy section */
		FF037C442520572E00BCF03A /* PBXContainerItemProxy */ = {
			isa = PBXContainerItemProxy;
			containerPortal = FF891678247A5AFC0080665E /* Project object */;
			proxyType = 1;
			remoteGlobalIDString = FFD58B5025205594001CA10D;
			remoteInfo = Demo;
		};
/* End PBXContainerItemProxy section */

/* Begin PBXFileReference section */
		00306C6D74CE2E28F0CD630C /* Pods-CommonTests.happydebug.xcconfig */ = {isa = PBXFileReference; includeInIndex = 1; lastKnownFileType = text.xcconfig; name = "Pods-CommonTests.happydebug.xcconfig"; path = "Target Support Files/Pods-CommonTests/Pods-CommonTests.happydebug.xcconfig"; sourceTree = "<group>"; };
		01266F53C72B176F18D27595 /* Pods_DemoTests.framework */ = {isa = PBXFileReference; explicitFileType = wrapper.framework; includeInIndex = 0; path = Pods_DemoTests.framework; sourceTree = BUILT_PRODUCTS_DIR; };
		02228E58C285F6AB7F126E42 /* Pods-DemoTests.release.xcconfig */ = {isa = PBXFileReference; includeInIndex = 1; lastKnownFileType = text.xcconfig; name = "Pods-DemoTests.release.xcconfig"; path = "Target Support Files/Pods-DemoTests/Pods-DemoTests.release.xcconfig"; sourceTree = "<group>"; };
		13F3D776CCD091D3C2A40CCB /* Pods-HappyCodableDemo.debug.xcconfig */ = {isa = PBXFileReference; includeInIndex = 1; lastKnownFileType = text.xcconfig; name = "Pods-HappyCodableDemo.debug.xcconfig"; path = "Target Support Files/Pods-HappyCodableDemo/Pods-HappyCodableDemo.debug.xcconfig"; sourceTree = "<group>"; };
		1B5D9DD7637DEB3514EF730E /* libPods-HappyCodableCommandLine.a */ = {isa = PBXFileReference; explicitFileType = archive.ar; includeInIndex = 0; path = "libPods-HappyCodableCommandLine.a"; sourceTree = BUILT_PRODUCTS_DIR; };
		246C265DBADA789C01FC8986 /* Pods-HappyCodableTests.debug.xcconfig */ = {isa = PBXFileReference; includeInIndex = 1; lastKnownFileType = text.xcconfig; name = "Pods-HappyCodableTests.debug.xcconfig"; path = "Target Support Files/Pods-HappyCodableTests/Pods-HappyCodableTests.debug.xcconfig"; sourceTree = "<group>"; };
		2ADC64C83B367C31BA94F8B5 /* Pods-HappyCodableDemo.release.xcconfig */ = {isa = PBXFileReference; includeInIndex = 1; lastKnownFileType = text.xcconfig; name = "Pods-HappyCodableDemo.release.xcconfig"; path = "Target Support Files/Pods-HappyCodableDemo/Pods-HappyCodableDemo.release.xcconfig"; sourceTree = "<group>"; };
		2FCBCE44B725E6E673731E69 /* Pods-HappyCodable.debug.xcconfig */ = {isa = PBXFileReference; includeInIndex = 1; lastKnownFileType = text.xcconfig; name = "Pods-HappyCodable.debug.xcconfig"; path = "Target Support Files/Pods-HappyCodable/Pods-HappyCodable.debug.xcconfig"; sourceTree = "<group>"; };
		30C649E511D632979ECE47CA /* Pods-Test.debug.xcconfig */ = {isa = PBXFileReference; includeInIndex = 1; lastKnownFileType = text.xcconfig; name = "Pods-Test.debug.xcconfig"; path = "Target Support Files/Pods-Test/Pods-Test.debug.xcconfig"; sourceTree = "<group>"; };
		3832291E0CCE4D278EAB4F4F /* Pods-Demo.debug.xcconfig */ = {isa = PBXFileReference; includeInIndex = 1; lastKnownFileType = text.xcconfig; name = "Pods-Demo.debug.xcconfig"; path = "Target Support Files/Pods-Demo/Pods-Demo.debug.xcconfig"; sourceTree = "<group>"; };
		4508BA3BFE4935613B4C79A5 /* Pods-CommonTests.release.xcconfig */ = {isa = PBXFileReference; includeInIndex = 1; lastKnownFileType = text.xcconfig; name = "Pods-CommonTests.release.xcconfig"; path = "Target Support Files/Pods-CommonTests/Pods-CommonTests.release.xcconfig"; sourceTree = "<group>"; };
		450E0DF62299CEA5D8A97212 /* Pods-hAppyCodableDemo.release.xcconfig */ = {isa = PBXFileReference; includeInIndex = 1; lastKnownFileType = text.xcconfig; name = "Pods-hAppyCodableDemo.release.xcconfig"; path = "Target Support Files/Pods-hAppyCodableDemo/Pods-hAppyCodableDemo.release.xcconfig"; sourceTree = "<group>"; };
		45B98DE16EE048A786524B60 /* Pods_Test.framework */ = {isa = PBXFileReference; explicitFileType = wrapper.framework; includeInIndex = 0; path = Pods_Test.framework; sourceTree = BUILT_PRODUCTS_DIR; };
		4A8EC4AAB379796166304299 /* Pods-HappyCodableTests.release.xcconfig */ = {isa = PBXFileReference; includeInIndex = 1; lastKnownFileType = text.xcconfig; name = "Pods-HappyCodableTests.release.xcconfig"; path = "Target Support Files/Pods-HappyCodableTests/Pods-HappyCodableTests.release.xcconfig"; sourceTree = "<group>"; };
		5CB2DB2199EC23BED04A178A /* Pods-hAppyCodableDemo.debug.xcconfig */ = {isa = PBXFileReference; includeInIndex = 1; lastKnownFileType = text.xcconfig; name = "Pods-hAppyCodableDemo.debug.xcconfig"; path = "Target Support Files/Pods-hAppyCodableDemo/Pods-hAppyCodableDemo.debug.xcconfig"; sourceTree = "<group>"; };
		5D51A460674771FBAB0D518F /* Pods-Demo.release.xcconfig */ = {isa = PBXFileReference; includeInIndex = 1; lastKnownFileType = text.xcconfig; name = "Pods-Demo.release.xcconfig"; path = "Target Support Files/Pods-Demo/Pods-Demo.release.xcconfig"; sourceTree = "<group>"; };
		67D1B0ED0DDCA4EDF501780E /* Pods_HappyCodableDemo.framework */ = {isa = PBXFileReference; explicitFileType = wrapper.framework; includeInIndex = 0; path = Pods_HappyCodableDemo.framework; sourceTree = BUILT_PRODUCTS_DIR; };
		6E3E6D938487EABD00D517E4 /* Pods-HappyCodableCommandLine.release.xcconfig */ = {isa = PBXFileReference; includeInIndex = 1; lastKnownFileType = text.xcconfig; name = "Pods-HappyCodableCommandLine.release.xcconfig"; path = "Target Support Files/Pods-HappyCodableCommandLine/Pods-HappyCodableCommandLine.release.xcconfig"; sourceTree = "<group>"; };
		75D1B5E242489F0043B99519 /* Pods_HappyCodableTests.framework */ = {isa = PBXFileReference; explicitFileType = wrapper.framework; includeInIndex = 0; path = Pods_HappyCodableTests.framework; sourceTree = BUILT_PRODUCTS_DIR; };
		82487A565CCF6F18C3E0B2C2 /* Pods-Test.release.xcconfig */ = {isa = PBXFileReference; includeInIndex = 1; lastKnownFileType = text.xcconfig; name = "Pods-Test.release.xcconfig"; path = "Target Support Files/Pods-Test/Pods-Test.release.xcconfig"; sourceTree = "<group>"; };
		94E98C96EDAB663795B53E97 /* Pods_CommonTests.framework */ = {isa = PBXFileReference; explicitFileType = wrapper.framework; includeInIndex = 0; path = Pods_CommonTests.framework; sourceTree = BUILT_PRODUCTS_DIR; };
		96C6A7EEAF11763A7573B758 /* Pods-HappyCodableCommandLine.debug.xcconfig */ = {isa = PBXFileReference; includeInIndex = 1; lastKnownFileType = text.xcconfig; name = "Pods-HappyCodableCommandLine.debug.xcconfig"; path = "Target Support Files/Pods-HappyCodableCommandLine/Pods-HappyCodableCommandLine.debug.xcconfig"; sourceTree = "<group>"; };
		9F5D79AC86233DBB9254A60D /* Pods-HappyCodableDemo.happydebug.xcconfig */ = {isa = PBXFileReference; includeInIndex = 1; lastKnownFileType = text.xcconfig; name = "Pods-HappyCodableDemo.happydebug.xcconfig"; path = "Target Support Files/Pods-HappyCodableDemo/Pods-HappyCodableDemo.happydebug.xcconfig"; sourceTree = "<group>"; };
		B110CBB6DE16F275B21EF1DA /* Pods_Demo.framework */ = {isa = PBXFileReference; explicitFileType = wrapper.framework; includeInIndex = 0; path = Pods_Demo.framework; sourceTree = BUILT_PRODUCTS_DIR; };
		C8D3D034011FDB23D762575E /* Pods-CommonTests.debug.xcconfig */ = {isa = PBXFileReference; includeInIndex = 1; lastKnownFileType = text.xcconfig; name = "Pods-CommonTests.debug.xcconfig"; path = "Target Support Files/Pods-CommonTests/Pods-CommonTests.debug.xcconfig"; sourceTree = "<group>"; };
		D3CBE8003329ACA7A5941771 /* Pods-DemoTests.debug.xcconfig */ = {isa = PBXFileReference; includeInIndex = 1; lastKnownFileType = text.xcconfig; name = "Pods-DemoTests.debug.xcconfig"; path = "Target Support Files/Pods-DemoTests/Pods-DemoTests.debug.xcconfig"; sourceTree = "<group>"; };
		F187321C51F5E31B907CA71C /* Pods-HappyCodable.release.xcconfig */ = {isa = PBXFileReference; includeInIndex = 1; lastKnownFileType = text.xcconfig; name = "Pods-HappyCodable.release.xcconfig"; path = "Target Support Files/Pods-HappyCodable/Pods-HappyCodable.release.xcconfig"; sourceTree = "<group>"; };
		FF037C3F2520572E00BCF03A /* DemoTests.xctest */ = {isa = PBXFileReference; explicitFileType = wrapper.cfbundle; includeInIndex = 0; path = DemoTests.xctest; sourceTree = BUILT_PRODUCTS_DIR; };
		FF037C432520572E00BCF03A /* Info.plist */ = {isa = PBXFileReference; lastKnownFileType = text.plist.xml; path = Info.plist; sourceTree = "<group>"; };
		FF037C4A2520576300BCF03A /* KeyedDecodingContainerTests.swift */ = {isa = PBXFileReference; fileEncoding = 4; lastKnownFileType = sourcecode.swift; path = KeyedDecodingContainerTests.swift; sourceTree = "<group>"; };
		FF037C4B2520576300BCF03A /* DataStrategyTest.swift */ = {isa = PBXFileReference; fileEncoding = 4; lastKnownFileType = sourcecode.swift; path = DataStrategyTest.swift; sourceTree = "<group>"; };
		FF037C4C2520576300BCF03A /* TypeMismatchTests.swift */ = {isa = PBXFileReference; fileEncoding = 4; lastKnownFileType = sourcecode.swift; path = TypeMismatchTests.swift; sourceTree = "<group>"; };
		FF037C4D2520576300BCF03A /* AttributesTest.swift */ = {isa = PBXFileReference; fileEncoding = 4; lastKnownFileType = sourcecode.swift; path = AttributesTest.swift; sourceTree = "<group>"; };
		FF037C4E2520576300BCF03A /* CodingKeysExistTests.swift */ = {isa = PBXFileReference; fileEncoding = 4; lastKnownFileType = sourcecode.swift; path = CodingKeysExistTests.swift; sourceTree = "<group>"; };
		FF037C4F2520576300BCF03A /* DateStrategyTest.swift */ = {isa = PBXFileReference; fileEncoding = 4; lastKnownFileType = sourcecode.swift; path = DateStrategyTest.swift; sourceTree = "<group>"; };
		FF037C502520576300BCF03A /* UncodingTest.swift */ = {isa = PBXFileReference; fileEncoding = 4; lastKnownFileType = sourcecode.swift; path = UncodingTest.swift; sourceTree = "<group>"; };
		FF037C512520576300BCF03A /* CommonTests.swift */ = {isa = PBXFileReference; fileEncoding = 4; lastKnownFileType = sourcecode.swift; path = CommonTests.swift; sourceTree = "<group>"; };
		FF037C522520576300BCF03A /* NonConformingFloatStrategyTest.swift */ = {isa = PBXFileReference; fileEncoding = 4; lastKnownFileType = sourcecode.swift; path = NonConformingFloatStrategyTest.swift; sourceTree = "<group>"; };
		FF037C532520576300BCF03A /* Info.plist */ = {isa = PBXFileReference; fileEncoding = 4; lastKnownFileType = text.plist.xml; path = Info.plist; sourceTree = "<group>"; };
		FF037C542520576300BCF03A /* DynamicDefaultTest.swift */ = {isa = PBXFileReference; fileEncoding = 4; lastKnownFileType = sourcecode.swift; path = DynamicDefaultTest.swift; sourceTree = "<group>"; };
		FF89168D247A5D7D0080665E /* SWXMLHash.framework */ = {isa = PBXFileReference; explicitFileType = wrapper.framework; path = SWXMLHash.framework; sourceTree = BUILT_PRODUCTS_DIR; };
		FF89169D247A5DCF0080665E /* SWXMLHash.framework */ = {isa = PBXFileReference; explicitFileType = wrapper.framework; path = SWXMLHash.framework; sourceTree = BUILT_PRODUCTS_DIR; };
		FFD58B5125205594001CA10D /* Demo.app */ = {isa = PBXFileReference; explicitFileType = wrapper.application; includeInIndex = 0; path = Demo.app; sourceTree = BUILT_PRODUCTS_DIR; };
		FFD58B65252055C1001CA10D /* Demo.entitlements */ = {isa = PBXFileReference; fileEncoding = 4; lastKnownFileType = text.plist.entitlements; path = Demo.entitlements; sourceTree = "<group>"; };
		FFD58B66252055C1001CA10D /* Assets.xcassets */ = {isa = PBXFileReference; lastKnownFileType = folder.assetcatalog; path = Assets.xcassets; sourceTree = "<group>"; };
		FFD58B6A252055C1001CA10D /* Base */ = {isa = PBXFileReference; lastKnownFileType = file.storyboard; name = Base; path = Base.lproj/Main.storyboard; sourceTree = "<group>"; };
		FFD58B6B252055C1001CA10D /* AppDelegate.swift */ = {isa = PBXFileReference; fileEncoding = 4; lastKnownFileType = sourcecode.swift; path = AppDelegate.swift; sourceTree = "<group>"; };
		FFD58B6C252055C1001CA10D /* ContentView.swift */ = {isa = PBXFileReference; fileEncoding = 4; lastKnownFileType = sourcecode.swift; path = ContentView.swift; sourceTree = "<group>"; };
		FFD58B6D252055C1001CA10D /* Info.plist */ = {isa = PBXFileReference; fileEncoding = 4; lastKnownFileType = text.plist.xml; path = Info.plist; sourceTree = "<group>"; };
		FFD58B75252055F8001CA10D /* NonConformingFloatStrategy.swift */ = {isa = PBXFileReference; fileEncoding = 4; lastKnownFileType = sourcecode.swift; path = NonConformingFloatStrategy.swift; sourceTree = "<group>"; };
		FFD58B76252055F8001CA10D /* DataStrategy.swift */ = {isa = PBXFileReference; fileEncoding = 4; lastKnownFileType = sourcecode.swift; path = DataStrategy.swift; sourceTree = "<group>"; };
		FFD58B77252055F8001CA10D /* Uncoding.swift */ = {isa = PBXFileReference; fileEncoding = 4; lastKnownFileType = sourcecode.swift; path = Uncoding.swift; sourceTree = "<group>"; };
		FFD58B78252055F8001CA10D /* DateStrategy.swift */ = {isa = PBXFileReference; fileEncoding = 4; lastKnownFileType = sourcecode.swift; path = DateStrategy.swift; sourceTree = "<group>"; };
		FFD58B79252055F8001CA10D /* Class.swift */ = {isa = PBXFileReference; fileEncoding = 4; lastKnownFileType = sourcecode.swift; path = Class.swift; sourceTree = "<group>"; };
		FFD58B7A252055F8001CA10D /* CodingKeysExist.swift */ = {isa = PBXFileReference; fileEncoding = 4; lastKnownFileType = sourcecode.swift; path = CodingKeysExist.swift; sourceTree = "<group>"; };
		FFD58B7B252055F8001CA10D /* ForKeyedDecodingContainer.swift */ = {isa = PBXFileReference; fileEncoding = 4; lastKnownFileType = sourcecode.swift; path = ForKeyedDecodingContainer.swift; sourceTree = "<group>"; };
		FFD58B7C252055F8001CA10D /* DynamicDefault.swift */ = {isa = PBXFileReference; fileEncoding = 4; lastKnownFileType = sourcecode.swift; path = DynamicDefault.swift; sourceTree = "<group>"; };
		FFD58B7D252055F8001CA10D /* WithAttribute.swift */ = {isa = PBXFileReference; fileEncoding = 4; lastKnownFileType = sourcecode.swift; path = WithAttribute.swift; sourceTree = "<group>"; };
		FFD58B7E252055F8001CA10D /* Struct.swift */ = {isa = PBXFileReference; fileEncoding = 4; lastKnownFileType = sourcecode.swift; path = Struct.swift; sourceTree = "<group>"; };
/* End PBXFileReference section */

/* Begin PBXFrameworksBuildPhase section */
		FF037C3C2520572E00BCF03A /* Frameworks */ = {
			isa = PBXFrameworksBuildPhase;
			buildActionMask = 2147483647;
			files = (
				D1DD58DACBB38108C29C5409 /* Pods_DemoTests.framework in Frameworks */,
			);
			runOnlyForDeploymentPostprocessing = 0;
		};
		FFD58B4E25205594001CA10D /* Frameworks */ = {
			isa = PBXFrameworksBuildPhase;
			buildActionMask = 2147483647;
			files = (
				3EF805FC2748E5D631E00A77 /* Pods_Demo.framework in Frameworks */,
			);
			runOnlyForDeploymentPostprocessing = 0;
		};
/* End PBXFrameworksBuildPhase section */

/* Begin PBXGroup section */
		3B556B32BDA05E177458921B /* Pods */ = {
			isa = PBXGroup;
			children = (
				5CB2DB2199EC23BED04A178A /* Pods-hAppyCodableDemo.debug.xcconfig */,
				450E0DF62299CEA5D8A97212 /* Pods-hAppyCodableDemo.release.xcconfig */,
				13F3D776CCD091D3C2A40CCB /* Pods-HappyCodableDemo.debug.xcconfig */,
				2ADC64C83B367C31BA94F8B5 /* Pods-HappyCodableDemo.release.xcconfig */,
				2FCBCE44B725E6E673731E69 /* Pods-HappyCodable.debug.xcconfig */,
				F187321C51F5E31B907CA71C /* Pods-HappyCodable.release.xcconfig */,
				96C6A7EEAF11763A7573B758 /* Pods-HappyCodableCommandLine.debug.xcconfig */,
				6E3E6D938487EABD00D517E4 /* Pods-HappyCodableCommandLine.release.xcconfig */,
				246C265DBADA789C01FC8986 /* Pods-HappyCodableTests.debug.xcconfig */,
				4A8EC4AAB379796166304299 /* Pods-HappyCodableTests.release.xcconfig */,
				C8D3D034011FDB23D762575E /* Pods-CommonTests.debug.xcconfig */,
				4508BA3BFE4935613B4C79A5 /* Pods-CommonTests.release.xcconfig */,
				00306C6D74CE2E28F0CD630C /* Pods-CommonTests.happydebug.xcconfig */,
				9F5D79AC86233DBB9254A60D /* Pods-HappyCodableDemo.happydebug.xcconfig */,
				3832291E0CCE4D278EAB4F4F /* Pods-Demo.debug.xcconfig */,
				5D51A460674771FBAB0D518F /* Pods-Demo.release.xcconfig */,
				30C649E511D632979ECE47CA /* Pods-Test.debug.xcconfig */,
				82487A565CCF6F18C3E0B2C2 /* Pods-Test.release.xcconfig */,
				D3CBE8003329ACA7A5941771 /* Pods-DemoTests.debug.xcconfig */,
				02228E58C285F6AB7F126E42 /* Pods-DemoTests.release.xcconfig */,
			);
			path = Pods;
			sourceTree = "<group>";
		};
		A79A9558D9C03727C0993E75 /* Frameworks */ = {
			isa = PBXGroup;
			children = (
				FF89169D247A5DCF0080665E /* SWXMLHash.framework */,
				FF89168D247A5D7D0080665E /* SWXMLHash.framework */,
				75D1B5E242489F0043B99519 /* Pods_HappyCodableTests.framework */,
				1B5D9DD7637DEB3514EF730E /* libPods-HappyCodableCommandLine.a */,
				94E98C96EDAB663795B53E97 /* Pods_CommonTests.framework */,
				67D1B0ED0DDCA4EDF501780E /* Pods_HappyCodableDemo.framework */,
				B110CBB6DE16F275B21EF1DA /* Pods_Demo.framework */,
				45B98DE16EE048A786524B60 /* Pods_Test.framework */,
				01266F53C72B176F18D27595 /* Pods_DemoTests.framework */,
			);
			name = Frameworks;
			sourceTree = "<group>";
		};
		FF037C402520572E00BCF03A /* DemoTests */ = {
			isa = PBXGroup;
			children = (
				FF037C492520576300BCF03A /* Tests */,
				FF037C432520572E00BCF03A /* Info.plist */,
			);
			path = DemoTests;
			sourceTree = "<group>";
		};
		FF037C492520576300BCF03A /* Tests */ = {
			isa = PBXGroup;
			children = (
				FF037C4D2520576300BCF03A /* AttributesTest.swift */,
				FF037C4E2520576300BCF03A /* CodingKeysExistTests.swift */,
				FF037C512520576300BCF03A /* CommonTests.swift */,
				FF037C4B2520576300BCF03A /* DataStrategyTest.swift */,
				FF037C4F2520576300BCF03A /* DateStrategyTest.swift */,
				FF037C542520576300BCF03A /* DynamicDefaultTest.swift */,
				FF037C532520576300BCF03A /* Info.plist */,
				FF037C4A2520576300BCF03A /* KeyedDecodingContainerTests.swift */,
				FF037C522520576300BCF03A /* NonConformingFloatStrategyTest.swift */,
				FF037C4C2520576300BCF03A /* TypeMismatchTests.swift */,
				FF037C502520576300BCF03A /* UncodingTest.swift */,
			);
			name = Tests;
			path = ../../Tests;
			sourceTree = "<group>";
		};
		FF891677247A5AFC0080665E = {
			isa = PBXGroup;
			children = (
				FFD58B64252055C1001CA10D /* Demo */,
				FF037C402520572E00BCF03A /* DemoTests */,
				FF891681247A5AFC0080665E /* Products */,
				3B556B32BDA05E177458921B /* Pods */,
				A79A9558D9C03727C0993E75 /* Frameworks */,
			);
			sourceTree = "<group>";
		};
		FF891681247A5AFC0080665E /* Products */ = {
			isa = PBXGroup;
			children = (
				FFD58B5125205594001CA10D /* Demo.app */,
				FF037C3F2520572E00BCF03A /* DemoTests.xctest */,
			);
			name = Products;
			sourceTree = "<group>";
		};
		FFD58B64252055C1001CA10D /* Demo */ = {
			isa = PBXGroup;
			children = (
				FFD58B74252055F8001CA10D /* TestObjects */,
				FFD58B6B252055C1001CA10D /* AppDelegate.swift */,
				FFD58B66252055C1001CA10D /* Assets.xcassets */,
				FFD58B6C252055C1001CA10D /* ContentView.swift */,
				FFD58B65252055C1001CA10D /* Demo.entitlements */,
				FFD58B6D252055C1001CA10D /* Info.plist */,
				FFD58B69252055C1001CA10D /* Main.storyboard */,
			);
			path = Demo;
			sourceTree = "<group>";
		};
		FFD58B74252055F8001CA10D /* TestObjects */ = {
			isa = PBXGroup;
			children = (
				FFD58B75252055F8001CA10D /* NonConformingFloatStrategy.swift */,
				FFD58B76252055F8001CA10D /* DataStrategy.swift */,
				FFD58B77252055F8001CA10D /* Uncoding.swift */,
				FFD58B78252055F8001CA10D /* DateStrategy.swift */,
				FFD58B79252055F8001CA10D /* Class.swift */,
				FFD58B7A252055F8001CA10D /* CodingKeysExist.swift */,
				FFD58B7B252055F8001CA10D /* ForKeyedDecodingContainer.swift */,
				FFD58B7C252055F8001CA10D /* DynamicDefault.swift */,
				FFD58B7D252055F8001CA10D /* WithAttribute.swift */,
				FFD58B7E252055F8001CA10D /* Struct.swift */,
			);
			name = TestObjects;
			path = ../../TestObjects;
			sourceTree = "<group>";
		};
/* End PBXGroup section */

/* Begin PBXNativeTarget section */
		FF037C3E2520572E00BCF03A /* DemoTests */ = {
			isa = PBXNativeTarget;
			buildConfigurationList = FF037C462520572E00BCF03A /* Build configuration list for PBXNativeTarget "DemoTests" */;
			buildPhases = (
				7017654B5057E0806295D8D1 /* [CP] Check Pods Manifest.lock */,
				FF037C3B2520572E00BCF03A /* Sources */,
				FF037C3C2520572E00BCF03A /* Frameworks */,
				FF037C3D2520572E00BCF03A /* Resources */,
				0D6E1C1E0D4D4640FFC33821 /* [CP] Embed Pods Frameworks */,
			);
			buildRules = (
			);
			dependencies = (
				FF037C452520572E00BCF03A /* PBXTargetDependency */,
			);
			name = DemoTests;
			productName = DemoTests;
			productReference = FF037C3F2520572E00BCF03A /* DemoTests.xctest */;
			productType = "com.apple.product-type.bundle.unit-test";
		};
		FFD58B5025205594001CA10D /* Demo */ = {
			isa = PBXNativeTarget;
			buildConfigurationList = FFD58B6125205596001CA10D /* Build configuration list for PBXNativeTarget "Demo" */;
			buildPhases = (
				82AD48DEEFD5CC2C9FE7C3E6 /* [CP] Check Pods Manifest.lock */,
				FFD58B4D25205594001CA10D /* Sources */,
				FFD58B4E25205594001CA10D /* Frameworks */,
				FFD58B4F25205594001CA10D /* Resources */,
				5911EF25F387C2EFDFDA29EF /* [CP] Embed Pods Frameworks */,
			);
			buildRules = (
			);
			dependencies = (
			);
			name = Demo;
			productName = Demo;
			productReference = FFD58B5125205594001CA10D /* Demo.app */;
			productType = "com.apple.product-type.application";
		};
/* End PBXNativeTarget section */

/* Begin PBXProject section */
		FF891678247A5AFC0080665E /* Project object */ = {
			isa = PBXProject;
			attributes = {
				LastSwiftUpdateCheck = 1170;
				LastUpgradeCheck = 1150;
				ORGANIZATIONNAME = "庄黛淳华";
				TargetAttributes = {
					FF037C3E2520572E00BCF03A = {
						CreatedOnToolsVersion = 11.7;
						TestTargetID = FFD58B5025205594001CA10D;
					};
					FFD58B5025205594001CA10D = {
						CreatedOnToolsVersion = 11.7;
					};
				};
			};
			buildConfigurationList = FF89167B247A5AFC0080665E /* Build configuration list for PBXProject "HappyCodableDemo" */;
			compatibilityVersion = "Xcode 9.3";
			developmentRegion = en;
			hasScannedForEncodings = 0;
			knownRegions = (
				en,
				Base,
			);
			mainGroup = FF891677247A5AFC0080665E;
			productRefGroup = FF891681247A5AFC0080665E /* Products */;
			projectDirPath = "";
			projectRoot = "";
			targets = (
				FFD58B5025205594001CA10D /* Demo */,
				FF037C3E2520572E00BCF03A /* DemoTests */,
			);
		};
/* End PBXProject section */

/* Begin PBXResourcesBuildPhase section */
		FF037C3D2520572E00BCF03A /* Resources */ = {
			isa = PBXResourcesBuildPhase;
			buildActionMask = 2147483647;
			files = (
				FF037C5E2520576300BCF03A /* Info.plist in Resources */,
			);
			runOnlyForDeploymentPostprocessing = 0;
		};
		FFD58B4F25205594001CA10D /* Resources */ = {
			isa = PBXResourcesBuildPhase;
			buildActionMask = 2147483647;
			files = (
				FFD58B73252055C1001CA10D /* Info.plist in Resources */,
				FFD58B70252055C1001CA10D /* Main.storyboard in Resources */,
				FFD58B6E252055C1001CA10D /* Assets.xcassets in Resources */,
			);
			runOnlyForDeploymentPostprocessing = 0;
		};
/* End PBXResourcesBuildPhase section */

/* Begin PBXShellScriptBuildPhase section */
		0D6E1C1E0D4D4640FFC33821 /* [CP] Embed Pods Frameworks */ = {
			isa = PBXShellScriptBuildPhase;
			buildActionMask = 2147483647;
			files = (
			);
			inputFileListPaths = (
			);
			name = "[CP] Embed Pods Frameworks";
			outputFileListPaths = (
			);
			runOnlyForDeploymentPostprocessing = 0;
			shellPath = /bin/sh;
			shellScript = "\"${PODS_ROOT}/Target Support Files/Pods-DemoTests/Pods-DemoTests-frameworks.sh\"\n";
			showEnvVarsInLog = 0;
		};
		5911EF25F387C2EFDFDA29EF /* [CP] Embed Pods Frameworks */ = {
			isa = PBXShellScriptBuildPhase;
			buildActionMask = 2147483647;
			files = (
			);
			inputFileListPaths = (
			);
			name = "[CP] Embed Pods Frameworks";
			outputFileListPaths = (
			);
			runOnlyForDeploymentPostprocessing = 0;
			shellPath = /bin/sh;
			shellScript = "\"${PODS_ROOT}/Target Support Files/Pods-Demo/Pods-Demo-frameworks.sh\"\n";
			showEnvVarsInLog = 0;
		};
		7017654B5057E0806295D8D1 /* [CP] Check Pods Manifest.lock */ = {
			isa = PBXShellScriptBuildPhase;
			buildActionMask = 2147483647;
			files = (
			);
			inputFileListPaths = (
			);
			inputPaths = (
				"${PODS_PODFILE_DIR_PATH}/Podfile.lock",
				"${PODS_ROOT}/Manifest.lock",
			);
			name = "[CP] Check Pods Manifest.lock";
			outputFileListPaths = (
			);
			outputPaths = (
				"$(DERIVED_FILE_DIR)/Pods-DemoTests-checkManifestLockResult.txt",
			);
			runOnlyForDeploymentPostprocessing = 0;
			shellPath = /bin/sh;
			shellScript = "diff \"${PODS_PODFILE_DIR_PATH}/Podfile.lock\" \"${PODS_ROOT}/Manifest.lock\" > /dev/null\nif [ $? != 0 ] ; then\n    # print error to STDERR\n    echo \"error: The sandbox is not in sync with the Podfile.lock. Run 'pod install' or update your CocoaPods installation.\" >&2\n    exit 1\nfi\n# This output is used by Xcode 'outputs' to avoid re-running this script phase.\necho \"SUCCESS\" > \"${SCRIPT_OUTPUT_FILE_0}\"\n";
			showEnvVarsInLog = 0;
		};
		82AD48DEEFD5CC2C9FE7C3E6 /* [CP] Check Pods Manifest.lock */ = {
			isa = PBXShellScriptBuildPhase;
			buildActionMask = 2147483647;
			files = (
			);
			inputFileListPaths = (
			);
			inputPaths = (
				"${PODS_PODFILE_DIR_PATH}/Podfile.lock",
				"${PODS_ROOT}/Manifest.lock",
			);
			name = "[CP] Check Pods Manifest.lock";
			outputFileListPaths = (
			);
			outputPaths = (
				"$(DERIVED_FILE_DIR)/Pods-Demo-checkManifestLockResult.txt",
			);
			runOnlyForDeploymentPostprocessing = 0;
			shellPath = /bin/sh;
			shellScript = "diff \"${PODS_PODFILE_DIR_PATH}/Podfile.lock\" \"${PODS_ROOT}/Manifest.lock\" > /dev/null\nif [ $? != 0 ] ; then\n    # print error to STDERR\n    echo \"error: The sandbox is not in sync with the Podfile.lock. Run 'pod install' or update your CocoaPods installation.\" >&2\n    exit 1\nfi\n# This output is used by Xcode 'outputs' to avoid re-running this script phase.\necho \"SUCCESS\" > \"${SCRIPT_OUTPUT_FILE_0}\"\n";
			showEnvVarsInLog = 0;
		};
/* End PBXShellScriptBuildPhase section */

/* Begin PBXSourcesBuildPhase section */
		FF037C3B2520572E00BCF03A /* Sources */ = {
			isa = PBXSourcesBuildPhase;
			buildActionMask = 2147483647;
			files = (
				FF037C572520576300BCF03A /* TypeMismatchTests.swift in Sources */,
				FF037C5F2520576300BCF03A /* DynamicDefaultTest.swift in Sources */,
				FF037C562520576300BCF03A /* DataStrategyTest.swift in Sources */,
				FF037C5D2520576300BCF03A /* NonConformingFloatStrategyTest.swift in Sources */,
				FF037C552520576300BCF03A /* KeyedDecodingContainerTests.swift in Sources */,
				FF037C5B2520576300BCF03A /* UncodingTest.swift in Sources */,
				FF037C5C2520576300BCF03A /* CommonTests.swift in Sources */,
				FF037C5A2520576300BCF03A /* DateStrategyTest.swift in Sources */,
				FF037C582520576300BCF03A /* AttributesTest.swift in Sources */,
				FF037C592520576300BCF03A /* CodingKeysExistTests.swift in Sources */,
			);
			runOnlyForDeploymentPostprocessing = 0;
		};
		FFD58B4D25205594001CA10D /* Sources */ = {
			isa = PBXSourcesBuildPhase;
			buildActionMask = 2147483647;
			files = (
				FFD58B88252055F8001CA10D /* Struct.swift in Sources */,
				FFD58B7F252055F8001CA10D /* NonConformingFloatStrategy.swift in Sources */,
				FFD58B85252055F8001CA10D /* ForKeyedDecodingContainer.swift in Sources */,
				FFD58B81252055F8001CA10D /* Uncoding.swift in Sources */,
				FFD58B86252055F8001CA10D /* DynamicDefault.swift in Sources */,
				FFD58B83252055F8001CA10D /* Class.swift in Sources */,
				FFD58B72252055C1001CA10D /* ContentView.swift in Sources */,
				FFD58B87252055F8001CA10D /* WithAttribute.swift in Sources */,
				FFD58B80252055F8001CA10D /* DataStrategy.swift in Sources */,
				FFD58B84252055F8001CA10D /* CodingKeysExist.swift in Sources */,
				FFD58B82252055F8001CA10D /* DateStrategy.swift in Sources */,
				FFD58B71252055C1001CA10D /* AppDelegate.swift in Sources */,
			);
			runOnlyForDeploymentPostprocessing = 0;
		};
/* End PBXSourcesBuildPhase section */

/* Begin PBXTargetDependency section */
		FF037C452520572E00BCF03A /* PBXTargetDependency */ = {
			isa = PBXTargetDependency;
			target = FFD58B5025205594001CA10D /* Demo */;
			targetProxy = FF037C442520572E00BCF03A /* PBXContainerItemProxy */;
		};
/* End PBXTargetDependency section */

/* Begin PBXVariantGroup section */
		FFD58B69252055C1001CA10D /* Main.storyboard */ = {
			isa = PBXVariantGroup;
			children = (
				FFD58B6A252055C1001CA10D /* Base */,
			);
			name = Main.storyboard;
			sourceTree = "<group>";
		};
/* End PBXVariantGroup section */

/* Begin XCBuildConfiguration section */
		FF037C472520572E00BCF03A /* Debug */ = {
			isa = XCBuildConfiguration;
			baseConfigurationReference = D3CBE8003329ACA7A5941771 /* Pods-DemoTests.debug.xcconfig */;
			buildSettings = {
				BUNDLE_LOADER = "$(TEST_HOST)";
				CODE_SIGN_STYLE = Automatic;
				COMBINE_HIDPI_IMAGES = YES;
				INFOPLIST_FILE = DemoTests/Info.plist;
				LD_RUNPATH_SEARCH_PATHS = (
					"$(inherited)",
					"@executable_path/../Frameworks",
					"@loader_path/../Frameworks",
				);
				PRODUCT_BUNDLE_IDENTIFIER = mikun.DemoTests;
				PRODUCT_NAME = "$(TARGET_NAME)";
				SWIFT_VERSION = 5.0;
				TEST_HOST = "$(BUILT_PRODUCTS_DIR)/Demo.app/Contents/MacOS/Demo";
			};
			name = Debug;
		};
		FF037C482520572E00BCF03A /* Release */ = {
			isa = XCBuildConfiguration;
			baseConfigurationReference = 02228E58C285F6AB7F126E42 /* Pods-DemoTests.release.xcconfig */;
			buildSettings = {
				BUNDLE_LOADER = "$(TEST_HOST)";
				CODE_SIGN_STYLE = Automatic;
				COMBINE_HIDPI_IMAGES = YES;
				INFOPLIST_FILE = DemoTests/Info.plist;
				LD_RUNPATH_SEARCH_PATHS = (
					"$(inherited)",
					"@executable_path/../Frameworks",
					"@loader_path/../Frameworks",
				);
				PRODUCT_BUNDLE_IDENTIFIER = mikun.DemoTests;
				PRODUCT_NAME = "$(TARGET_NAME)";
				SWIFT_VERSION = 5.0;
				TEST_HOST = "$(BUILT_PRODUCTS_DIR)/Demo.app/Contents/MacOS/Demo";
			};
			name = Release;
		};
		FF891685247A5AFC0080665E /* Debug */ = {
			isa = XCBuildConfiguration;
			buildSettings = {
				ALWAYS_SEARCH_USER_PATHS = NO;
				CLANG_ANALYZER_NONNULL = YES;
				CLANG_ANALYZER_NUMBER_OBJECT_CONVERSION = YES_AGGRESSIVE;
				CLANG_CXX_LANGUAGE_STANDARD = "gnu++14";
				CLANG_CXX_LIBRARY = "libc++";
				CLANG_ENABLE_MODULES = YES;
				CLANG_ENABLE_OBJC_ARC = YES;
				CLANG_ENABLE_OBJC_WEAK = YES;
				CLANG_WARN_BLOCK_CAPTURE_AUTORELEASING = YES;
				CLANG_WARN_BOOL_CONVERSION = YES;
				CLANG_WARN_COMMA = YES;
				CLANG_WARN_CONSTANT_CONVERSION = YES;
				CLANG_WARN_DEPRECATED_OBJC_IMPLEMENTATIONS = YES;
				CLANG_WARN_DIRECT_OBJC_ISA_USAGE = YES_ERROR;
				CLANG_WARN_DOCUMENTATION_COMMENTS = YES;
				CLANG_WARN_EMPTY_BODY = YES;
				CLANG_WARN_ENUM_CONVERSION = YES;
				CLANG_WARN_INFINITE_RECURSION = YES;
				CLANG_WARN_INT_CONVERSION = YES;
				CLANG_WARN_NON_LITERAL_NULL_CONVERSION = YES;
				CLANG_WARN_OBJC_IMPLICIT_RETAIN_SELF = YES;
				CLANG_WARN_OBJC_LITERAL_CONVERSION = YES;
				CLANG_WARN_OBJC_ROOT_CLASS = YES_ERROR;
				CLANG_WARN_RANGE_LOOP_ANALYSIS = YES;
				CLANG_WARN_STRICT_PROTOTYPES = YES;
				CLANG_WARN_SUSPICIOUS_MOVE = YES;
				CLANG_WARN_UNGUARDED_AVAILABILITY = YES_AGGRESSIVE;
				CLANG_WARN_UNREACHABLE_CODE = YES;
				CLANG_WARN__DUPLICATE_METHOD_MATCH = YES;
				COPY_PHASE_STRIP = NO;
				DEBUG_INFORMATION_FORMAT = dwarf;
				ENABLE_STRICT_OBJC_MSGSEND = YES;
				ENABLE_TESTABILITY = YES;
				GCC_C_LANGUAGE_STANDARD = gnu11;
				GCC_DYNAMIC_NO_PIC = NO;
				GCC_NO_COMMON_BLOCKS = YES;
				GCC_OPTIMIZATION_LEVEL = 0;
				GCC_PREPROCESSOR_DEFINITIONS = (
					"DEBUG=1",
					"$(inherited)",
				);
				GCC_WARN_64_TO_32_BIT_CONVERSION = YES;
				GCC_WARN_ABOUT_RETURN_TYPE = YES_ERROR;
				GCC_WARN_UNDECLARED_SELECTOR = YES;
				GCC_WARN_UNINITIALIZED_AUTOS = YES_AGGRESSIVE;
				GCC_WARN_UNUSED_FUNCTION = YES;
				GCC_WARN_UNUSED_VARIABLE = YES;
				MACOSX_DEPLOYMENT_TARGET = 10.15;
				MTL_ENABLE_DEBUG_INFO = INCLUDE_SOURCE;
				MTL_FAST_MATH = YES;
				ONLY_ACTIVE_ARCH = YES;
				SDKROOT = macosx;
				SWIFT_ACTIVE_COMPILATION_CONDITIONS = DEBUG;
				SWIFT_OPTIMIZATION_LEVEL = "-Onone";
			};
			name = Debug;
		};
		FF891686247A5AFC0080665E /* Release */ = {
			isa = XCBuildConfiguration;
			buildSettings = {
				ALWAYS_SEARCH_USER_PATHS = NO;
				CLANG_ANALYZER_NONNULL = YES;
				CLANG_ANALYZER_NUMBER_OBJECT_CONVERSION = YES_AGGRESSIVE;
				CLANG_CXX_LANGUAGE_STANDARD = "gnu++14";
				CLANG_CXX_LIBRARY = "libc++";
				CLANG_ENABLE_MODULES = YES;
				CLANG_ENABLE_OBJC_ARC = YES;
				CLANG_ENABLE_OBJC_WEAK = YES;
				CLANG_WARN_BLOCK_CAPTURE_AUTORELEASING = YES;
				CLANG_WARN_BOOL_CONVERSION = YES;
				CLANG_WARN_COMMA = YES;
				CLANG_WARN_CONSTANT_CONVERSION = YES;
				CLANG_WARN_DEPRECATED_OBJC_IMPLEMENTATIONS = YES;
				CLANG_WARN_DIRECT_OBJC_ISA_USAGE = YES_ERROR;
				CLANG_WARN_DOCUMENTATION_COMMENTS = YES;
				CLANG_WARN_EMPTY_BODY = YES;
				CLANG_WARN_ENUM_CONVERSION = YES;
				CLANG_WARN_INFINITE_RECURSION = YES;
				CLANG_WARN_INT_CONVERSION = YES;
				CLANG_WARN_NON_LITERAL_NULL_CONVERSION = YES;
				CLANG_WARN_OBJC_IMPLICIT_RETAIN_SELF = YES;
				CLANG_WARN_OBJC_LITERAL_CONVERSION = YES;
				CLANG_WARN_OBJC_ROOT_CLASS = YES_ERROR;
				CLANG_WARN_RANGE_LOOP_ANALYSIS = YES;
				CLANG_WARN_STRICT_PROTOTYPES = YES;
				CLANG_WARN_SUSPICIOUS_MOVE = YES;
				CLANG_WARN_UNGUARDED_AVAILABILITY = YES_AGGRESSIVE;
				CLANG_WARN_UNREACHABLE_CODE = YES;
				CLANG_WARN__DUPLICATE_METHOD_MATCH = YES;
				COPY_PHASE_STRIP = NO;
				DEBUG_INFORMATION_FORMAT = "dwarf-with-dsym";
				ENABLE_NS_ASSERTIONS = NO;
				ENABLE_STRICT_OBJC_MSGSEND = YES;
				GCC_C_LANGUAGE_STANDARD = gnu11;
				GCC_NO_COMMON_BLOCKS = YES;
				GCC_WARN_64_TO_32_BIT_CONVERSION = YES;
				GCC_WARN_ABOUT_RETURN_TYPE = YES_ERROR;
				GCC_WARN_UNDECLARED_SELECTOR = YES;
				GCC_WARN_UNINITIALIZED_AUTOS = YES_AGGRESSIVE;
				GCC_WARN_UNUSED_FUNCTION = YES;
				GCC_WARN_UNUSED_VARIABLE = YES;
				MACOSX_DEPLOYMENT_TARGET = 10.15;
				MTL_ENABLE_DEBUG_INFO = NO;
				MTL_FAST_MATH = YES;
				SDKROOT = macosx;
				SWIFT_COMPILATION_MODE = wholemodule;
				SWIFT_OPTIMIZATION_LEVEL = "-O";
			};
			name = Release;
		};
		FFD58B6225205596001CA10D /* Debug */ = {
			isa = XCBuildConfiguration;
			baseConfigurationReference = 3832291E0CCE4D278EAB4F4F /* Pods-Demo.debug.xcconfig */;
			buildSettings = {
				ASSETCATALOG_COMPILER_APPICON_NAME = AppIcon;
				CODE_SIGN_ENTITLEMENTS = Demo/Demo.entitlements;
				CODE_SIGN_STYLE = Automatic;
				COMBINE_HIDPI_IMAGES = YES;
				ENABLE_PREVIEWS = YES;
				INFOPLIST_FILE = Demo/Info.plist;
				LD_RUNPATH_SEARCH_PATHS = (
					"$(inherited)",
					"@executable_path/../Frameworks",
				);
				MACOSX_DEPLOYMENT_TARGET = 10.15;
				PRODUCT_BUNDLE_IDENTIFIER = mikun.Demo;
				PRODUCT_NAME = "$(TARGET_NAME)";
				SWIFT_VERSION = 5.0;
			};
			name = Debug;
		};
		FFD58B6325205596001CA10D /* Release */ = {
			isa = XCBuildConfiguration;
			baseConfigurationReference = 5D51A460674771FBAB0D518F /* Pods-Demo.release.xcconfig */;
			buildSettings = {
				ASSETCATALOG_COMPILER_APPICON_NAME = AppIcon;
				CODE_SIGN_ENTITLEMENTS = Demo/Demo.entitlements;
				CODE_SIGN_STYLE = Automatic;
				COMBINE_HIDPI_IMAGES = YES;
				ENABLE_PREVIEWS = YES;
				INFOPLIST_FILE = Demo/Info.plist;
				LD_RUNPATH_SEARCH_PATHS = (
					"$(inherited)",
					"@executable_path/../Frameworks",
				);
				MACOSX_DEPLOYMENT_TARGET = 10.15;
				PRODUCT_BUNDLE_IDENTIFIER = mikun.Demo;
				PRODUCT_NAME = "$(TARGET_NAME)";
				SWIFT_VERSION = 5.0;
			};
			name = Release;
		};
/* End XCBuildConfiguration section */

/* Begin XCConfigurationList section */
		FF037C462520572E00BCF03A /* Build configuration list for PBXNativeTarget "DemoTests" */ = {
			isa = XCConfigurationList;
			buildConfigurations = (
				FF037C472520572E00BCF03A /* Debug */,
				FF037C482520572E00BCF03A /* Release */,
			);
			defaultConfigurationIsVisible = 0;
			defaultConfigurationName = Release;
		};
		FF89167B247A5AFC0080665E /* Build configuration list for PBXProject "HappyCodableDemo" */ = {
			isa = XCConfigurationList;
			buildConfigurations = (
				FF891685247A5AFC0080665E /* Debug */,
				FF891686247A5AFC0080665E /* Release */,
			);
			defaultConfigurationIsVisible = 0;
			defaultConfigurationName = Release;
		};
		FFD58B6125205596001CA10D /* Build configuration list for PBXNativeTarget "Demo" */ = {
			isa = XCConfigurationList;
			buildConfigurations = (
				FFD58B6225205596001CA10D /* Debug */,
				FFD58B6325205596001CA10D /* Release */,
			);
			defaultConfigurationIsVisible = 0;
			defaultConfigurationName = Release;
		};
/* End XCConfigurationList section */
	};
	rootObject = FF891678247A5AFC0080665E /* Project object */;
}
